Microsoft Visual Studio Solution File, Format Version 12.00
# Visual Studio Version 17
VisualStudioVersion = 17.1.32319.34
MinimumVisualStudioVersion = 10.0.40219.1
Project("{2150E333-8FDC-42A3-9474-1A3956D46DE8}") = "Solution Items", "Solution Items", "{CEF7D22B-CB85-400E-BD64-349A30E3C097}"
	ProjectSection(SolutionItems) = preProject
		.editorconfig = .editorconfig
		.gitignore = .gitignore
		tools\BannedSymbols.txt = tools\BannedSymbols.txt
		tools\dalamud.ruleset = tools\dalamud.ruleset
		Directory.Build.props = Directory.Build.props
		Directory.Packages.props = Directory.Packages.props
	EndProjectSection
EndProject
Project("{9A19103F-16F7-4668-BE54-9A1E7A4F7556}") = "build", "build\build.csproj", "{94E5B016-02B1-459B-97D9-E783F28764B2}"
EndProject
Project("{9A19103F-16F7-4668-BE54-9A1E7A4F7556}") = "Dalamud", "Dalamud\Dalamud.csproj", "{B92DAB43-2279-4A2C-96E3-D9D5910EDBEA}"
	ProjectSection(ProjectDependencies) = postProject
		{76CAA246-C405-4A8C-B0AE-F4A0EF3D4E16} = {76CAA246-C405-4A8C-B0AE-F4A0EF3D4E16}
		{8430077C-F736-4246-A052-8EA1CECE844E} = {8430077C-F736-4246-A052-8EA1CECE844E}
		{F258347D-31BE-4605-98CE-40E43BDF6F9D} = {F258347D-31BE-4605-98CE-40E43BDF6F9D}
	EndProjectSection
EndProject
Project("{8BC9CEB8-8B4A-11D0-8D11-00A0C91BC942}") = "Dalamud.Boot", "Dalamud.Boot\Dalamud.Boot.vcxproj", "{55198DC3-A03D-408E-A8EB-2077780C8576}"
EndProject
Project("{9A19103F-16F7-4668-BE54-9A1E7A4F7556}") = "Dalamud.Injector", "Dalamud.Injector\Dalamud.Injector.csproj", "{5B832F73-5F54-4ADC-870F-D0095EF72C9A}"
EndProject
Project("{9A19103F-16F7-4668-BE54-9A1E7A4F7556}") = "Dalamud.Test", "Dalamud.Test\Dalamud.Test.csproj", "{C8004563-1806-4329-844F-0EF6274291FC}"
EndProject
Project("{2150E333-8FDC-42A3-9474-1A3956D46DE8}") = "Dependencies", "Dependencies", "{E15BDA6D-E881-4482-94BA-BE5527E917FF}"
EndProject
Project("{9A19103F-16F7-4668-BE54-9A1E7A4F7556}") = "Dalamud.CorePlugin", "Dalamud.CorePlugin\Dalamud.CorePlugin.csproj", "{4AFDB34A-7467-4D41-B067-53BC4101D9D0}"
EndProject
Project("{9A19103F-16F7-4668-BE54-9A1E7A4F7556}") = "FFXIVClientStructs", "lib\FFXIVClientStructs\FFXIVClientStructs\FFXIVClientStructs.csproj", "{C9B87BD7-AF49-41C3-91F1-D550ADEB7833}"
EndProject
Project("{FAE04EC0-301F-11D3-BF4B-00C04F79EFBC}") = "FFXIVClientStructs.Generators", "lib\FFXIVClientStructs\FFXIVClientStructs.Generators\FFXIVClientStructs.Generators.csproj", "{E0D51896-604F-4B40-8CFE-51941607B3A1}"
EndProject
Project("{8BC9CEB8-8B4A-11D0-8D11-00A0C91BC942}") = "DalamudCrashHandler", "DalamudCrashHandler\DalamudCrashHandler.vcxproj", "{317A264C-920B-44A1-8A34-F3A6827B0705}"
EndProject
Project("{9A19103F-16F7-4668-BE54-9A1E7A4F7556}") = "Dalamud.Common", "Dalamud.Common\Dalamud.Common.csproj", "{F21B13D2-D7D0-4456-B70F-3F8D695064E2}"
EndProject
Project("{FAE04EC0-301F-11D3-BF4B-00C04F79EFBC}") = "Dalamud.LocExporter", "tools\Dalamud.LocExporter\Dalamud.LocExporter.csproj", "{A568929D-6FF6-4DFA-9D14-5D7DC08FA5E0}"
EndProject
Project("{FAE04EC0-301F-11D3-BF4B-00C04F79EFBC}") = "InteropGenerator", "lib\FFXIVClientStructs\InteropGenerator\InteropGenerator.csproj", "{3620414C-7DFC-423E-929F-310E19F5D930}"
EndProject
Project("{FAE04EC0-301F-11D3-BF4B-00C04F79EFBC}") = "InteropGenerator.Runtime", "lib\FFXIVClientStructs\InteropGenerator.Runtime\InteropGenerator.Runtime.csproj", "{A6AA1C3F-9470-4922-9D3F-D4549657AB22}"
EndProject
Project("{2150E333-8FDC-42A3-9474-1A3956D46DE8}") = "Utilities", "Utilities", "{8F079208-C227-4D96-9427-2BEBE0003944}"
EndProject
Project("{8BC9CEB8-8B4A-11D0-8D11-00A0C91BC942}") = "cimgui", "external\cimgui\cimgui.vcxproj", "{8430077C-F736-4246-A052-8EA1CECE844E}"
EndProject
Project("{2150E333-8FDC-42A3-9474-1A3956D46DE8}") = "imgui", "imgui", "{DBE5345E-6594-4A59-B183-1C3D5592269D}"
EndProject
Project("{2150E333-8FDC-42A3-9474-1A3956D46DE8}") = "CS", "CS", "{8BBACF2D-7AB8-4610-A115-0E363D35C291}"
EndProject
Project("{8BC9CEB8-8B4A-11D0-8D11-00A0C91BC942}") = "cimplot", "external\cimplot\cimplot.vcxproj", "{76CAA246-C405-4A8C-B0AE-F4A0EF3D4E16}"
EndProject
Project("{8BC9CEB8-8B4A-11D0-8D11-00A0C91BC942}") = "cimguizmo", "external\cimguizmo\cimguizmo.vcxproj", "{F258347D-31BE-4605-98CE-40E43BDF6F9D}"
EndProject
Project("{FAE04EC0-301F-11D3-BF4B-00C04F79EFBC}") = "Dalamud.Bindings.ImGui", "imgui\Dalamud.Bindings.ImGui\Dalamud.Bindings.ImGui.csproj", "{B0AA8737-33A3-4766-8CBE-A48F2EF283BA}"
EndProject
Project("{FAE04EC0-301F-11D3-BF4B-00C04F79EFBC}") = "Dalamud.Bindings.ImGuizmo", "imgui\Dalamud.Bindings.ImGuizmo\Dalamud.Bindings.ImGuizmo.csproj", "{5E6EDD75-AE95-43A6-9D67-95B840EB4B71}"
EndProject
Project("{FAE04EC0-301F-11D3-BF4B-00C04F79EFBC}") = "Dalamud.Bindings.ImPlot", "imgui\Dalamud.Bindings.ImPlot\Dalamud.Bindings.ImPlot.csproj", "{9C70BD06-D52C-425E-9C14-5D66BC6046EF}"
EndProject
Project("{2150E333-8FDC-42A3-9474-1A3956D46DE8}") = "Bindings", "Bindings", "{A217B3DF-607A-4EFB-B107-3C4809348043}"
EndProject
Project("{FAE04EC0-301F-11D3-BF4B-00C04F79EFBC}") = "StandaloneImGuiTestbed", "imgui\StandaloneImGuiTestbed\StandaloneImGuiTestbed.csproj", "{4702A911-2513-478C-A434-2776393FDE77}"
EndProject
Project("{FAE04EC0-301F-11D3-BF4B-00C04F79EFBC}") = "ImGuiScene", "imgui\ImGuiScene\ImGuiScene.csproj", "{66753AC7-0029-4373-9CC4-7760B1F46141}"
EndProject
Project("{2150E333-8FDC-42A3-9474-1A3956D46DE8}") = "Lumina", "Lumina", "{02EA681E-C7D8-13C7-8484-4AC65E1B71E8}"
EndProject
Project("{FAE04EC0-301F-11D3-BF4B-00C04F79EFBC}") = "Lumina.Excel.Generator", "lib\Lumina.Excel\src\Lumina.Excel.Generator\Lumina.Excel.Generator.csproj", "{5A44DF0C-C9DA-940F-4D6B-4A11D13AEA3D}"
EndProject
Project("{FAE04EC0-301F-11D3-BF4B-00C04F79EFBC}") = "Lumina.Excel", "lib\Lumina.Excel\src\Lumina.Excel\Lumina.Excel.csproj", "{88FB719B-EB41-73C5-8D25-C03E0C69904F}"
EndProject
Project("{2150E333-8FDC-42A3-9474-1A3956D46DE8}") = "Source Generators", "Source Generators", "{50BEC23B-FFFD-427B-A95D-27E1D1958FFF}"
	ProjectSection(SolutionItems) = preProject
		generators\Directory.Build.props = generators\Directory.Build.props
	EndProjectSection
EndProject
Project("{FAE04EC0-301F-11D3-BF4B-00C04F79EFBC}") = "Dalamud.EnumGenerator", "generators\Dalamud.EnumGenerator\Dalamud.EnumGenerator\Dalamud.EnumGenerator.csproj", "{27AA9F87-D2AA-41D9-A559-0F1EBA38C5F8}"
EndProject
Project("{FAE04EC0-301F-11D3-BF4B-00C04F79EFBC}") = "Dalamud.EnumGenerator.Sample", "generators\Dalamud.EnumGenerator\Dalamud.EnumGenerator.Sample\Dalamud.EnumGenerator.Sample.csproj", "{8CDAEB2D-5022-450A-A97F-181C6270185F}"
EndProject
Project("{FAE04EC0-301F-11D3-BF4B-00C04F79EFBC}") = "Dalamud.EnumGenerator.Tests", "generators\Dalamud.EnumGenerator\Dalamud.EnumGenerator.Tests\Dalamud.EnumGenerator.Tests.csproj", "{F5D92D2D-D36F-4471-B657-8B9AA6C98AD6}"
EndProject
Global
	GlobalSection(SolutionConfigurationPlatforms) = preSolution
		Debug|Any CPU = Debug|Any CPU
		Release|Any CPU = Release|Any CPU
	EndGlobalSection
	GlobalSection(ProjectConfigurationPlatforms) = postSolution
		{94E5B016-02B1-459B-97D9-E783F28764B2}.Debug|Any CPU.ActiveCfg = Debug|x64
		{94E5B016-02B1-459B-97D9-E783F28764B2}.Debug|Any CPU.Build.0 = Debug|x64
		{94E5B016-02B1-459B-97D9-E783F28764B2}.Release|Any CPU.ActiveCfg = Release|x64
		{94E5B016-02B1-459B-97D9-E783F28764B2}.Release|Any CPU.Build.0 = Release|x64
		{B92DAB43-2279-4A2C-96E3-D9D5910EDBEA}.Debug|Any CPU.ActiveCfg = Debug|x64
		{B92DAB43-2279-4A2C-96E3-D9D5910EDBEA}.Debug|Any CPU.Build.0 = Debug|x64
		{B92DAB43-2279-4A2C-96E3-D9D5910EDBEA}.Release|Any CPU.ActiveCfg = Release|x64
		{B92DAB43-2279-4A2C-96E3-D9D5910EDBEA}.Release|Any CPU.Build.0 = Release|x64
		{55198DC3-A03D-408E-A8EB-2077780C8576}.Debug|Any CPU.ActiveCfg = Debug|x64
		{55198DC3-A03D-408E-A8EB-2077780C8576}.Debug|Any CPU.Build.0 = Debug|x64
		{55198DC3-A03D-408E-A8EB-2077780C8576}.Release|Any CPU.ActiveCfg = Release|x64
		{55198DC3-A03D-408E-A8EB-2077780C8576}.Release|Any CPU.Build.0 = Release|x64
		{5B832F73-5F54-4ADC-870F-D0095EF72C9A}.Debug|Any CPU.ActiveCfg = Debug|x64
		{5B832F73-5F54-4ADC-870F-D0095EF72C9A}.Debug|Any CPU.Build.0 = Debug|x64
		{5B832F73-5F54-4ADC-870F-D0095EF72C9A}.Release|Any CPU.ActiveCfg = Release|x64
		{5B832F73-5F54-4ADC-870F-D0095EF72C9A}.Release|Any CPU.Build.0 = Release|x64
		{C8004563-1806-4329-844F-0EF6274291FC}.Debug|Any CPU.ActiveCfg = Debug|x64
		{C8004563-1806-4329-844F-0EF6274291FC}.Debug|Any CPU.Build.0 = Debug|x64
		{C8004563-1806-4329-844F-0EF6274291FC}.Release|Any CPU.ActiveCfg = Release|x64
		{C8004563-1806-4329-844F-0EF6274291FC}.Release|Any CPU.Build.0 = Release|x64
		{4AFDB34A-7467-4D41-B067-53BC4101D9D0}.Debug|Any CPU.ActiveCfg = Debug|x64
		{4AFDB34A-7467-4D41-B067-53BC4101D9D0}.Debug|Any CPU.Build.0 = Debug|x64
		{4AFDB34A-7467-4D41-B067-53BC4101D9D0}.Release|Any CPU.ActiveCfg = Release|x64
		{4AFDB34A-7467-4D41-B067-53BC4101D9D0}.Release|Any CPU.Build.0 = Release|x64
		{C9B87BD7-AF49-41C3-91F1-D550ADEB7833}.Debug|Any CPU.ActiveCfg = Debug|Any CPU
		{C9B87BD7-AF49-41C3-91F1-D550ADEB7833}.Debug|Any CPU.Build.0 = Debug|Any CPU
		{C9B87BD7-AF49-41C3-91F1-D550ADEB7833}.Release|Any CPU.ActiveCfg = Release|Any CPU
		{C9B87BD7-AF49-41C3-91F1-D550ADEB7833}.Release|Any CPU.Build.0 = Release|Any CPU
		{E0D51896-604F-4B40-8CFE-51941607B3A1}.Debug|Any CPU.ActiveCfg = Debug|Any CPU
		{E0D51896-604F-4B40-8CFE-51941607B3A1}.Debug|Any CPU.Build.0 = Debug|Any CPU
		{E0D51896-604F-4B40-8CFE-51941607B3A1}.Release|Any CPU.ActiveCfg = Release|Any CPU
		{E0D51896-604F-4B40-8CFE-51941607B3A1}.Release|Any CPU.Build.0 = Release|Any CPU
		{317A264C-920B-44A1-8A34-F3A6827B0705}.Debug|Any CPU.ActiveCfg = Debug|x64
		{317A264C-920B-44A1-8A34-F3A6827B0705}.Debug|Any CPU.Build.0 = Debug|x64
		{317A264C-920B-44A1-8A34-F3A6827B0705}.Release|Any CPU.ActiveCfg = Release|x64
		{317A264C-920B-44A1-8A34-F3A6827B0705}.Release|Any CPU.Build.0 = Release|x64
		{F21B13D2-D7D0-4456-B70F-3F8D695064E2}.Debug|Any CPU.ActiveCfg = Debug|x64
		{F21B13D2-D7D0-4456-B70F-3F8D695064E2}.Debug|Any CPU.Build.0 = Debug|x64
		{F21B13D2-D7D0-4456-B70F-3F8D695064E2}.Release|Any CPU.ActiveCfg = Release|x64
		{F21B13D2-D7D0-4456-B70F-3F8D695064E2}.Release|Any CPU.Build.0 = Release|x64
		{A568929D-6FF6-4DFA-9D14-5D7DC08FA5E0}.Debug|Any CPU.ActiveCfg = Debug|x64
		{A568929D-6FF6-4DFA-9D14-5D7DC08FA5E0}.Debug|Any CPU.Build.0 = Debug|x64
		{A568929D-6FF6-4DFA-9D14-5D7DC08FA5E0}.Release|Any CPU.ActiveCfg = Release|x64
		{A568929D-6FF6-4DFA-9D14-5D7DC08FA5E0}.Release|Any CPU.Build.0 = Release|x64
		{3620414C-7DFC-423E-929F-310E19F5D930}.Debug|Any CPU.ActiveCfg = Debug|Any CPU
		{3620414C-7DFC-423E-929F-310E19F5D930}.Debug|Any CPU.Build.0 = Debug|Any CPU
		{3620414C-7DFC-423E-929F-310E19F5D930}.Release|Any CPU.ActiveCfg = Release|Any CPU
		{3620414C-7DFC-423E-929F-310E19F5D930}.Release|Any CPU.Build.0 = Release|Any CPU
		{A6AA1C3F-9470-4922-9D3F-D4549657AB22}.Debug|Any CPU.ActiveCfg = Debug|Any CPU
		{A6AA1C3F-9470-4922-9D3F-D4549657AB22}.Debug|Any CPU.Build.0 = Debug|Any CPU
		{A6AA1C3F-9470-4922-9D3F-D4549657AB22}.Release|Any CPU.ActiveCfg = Release|Any CPU
		{A6AA1C3F-9470-4922-9D3F-D4549657AB22}.Release|Any CPU.Build.0 = Release|Any CPU
		{8430077C-F736-4246-A052-8EA1CECE844E}.Debug|Any CPU.ActiveCfg = Debug|x64
		{8430077C-F736-4246-A052-8EA1CECE844E}.Debug|Any CPU.Build.0 = Debug|x64
		{8430077C-F736-4246-A052-8EA1CECE844E}.Release|Any CPU.ActiveCfg = Release|x64
		{8430077C-F736-4246-A052-8EA1CECE844E}.Release|Any CPU.Build.0 = Release|x64
		{76CAA246-C405-4A8C-B0AE-F4A0EF3D4E16}.Debug|Any CPU.ActiveCfg = Debug|x64
		{76CAA246-C405-4A8C-B0AE-F4A0EF3D4E16}.Debug|Any CPU.Build.0 = Debug|x64
		{76CAA246-C405-4A8C-B0AE-F4A0EF3D4E16}.Release|Any CPU.ActiveCfg = Release|x64
		{76CAA246-C405-4A8C-B0AE-F4A0EF3D4E16}.Release|Any CPU.Build.0 = Release|x64
		{F258347D-31BE-4605-98CE-40E43BDF6F9D}.Debug|Any CPU.ActiveCfg = Debug|x64
		{F258347D-31BE-4605-98CE-40E43BDF6F9D}.Debug|Any CPU.Build.0 = Debug|x64
		{F258347D-31BE-4605-98CE-40E43BDF6F9D}.Release|Any CPU.ActiveCfg = Release|x64
		{F258347D-31BE-4605-98CE-40E43BDF6F9D}.Release|Any CPU.Build.0 = Release|x64
		{B0AA8737-33A3-4766-8CBE-A48F2EF283BA}.Debug|Any CPU.ActiveCfg = Debug|x64
		{B0AA8737-33A3-4766-8CBE-A48F2EF283BA}.Debug|Any CPU.Build.0 = Debug|x64
		{B0AA8737-33A3-4766-8CBE-A48F2EF283BA}.Release|Any CPU.ActiveCfg = Release|x64
		{B0AA8737-33A3-4766-8CBE-A48F2EF283BA}.Release|Any CPU.Build.0 = Release|x64
		{5E6EDD75-AE95-43A6-9D67-95B840EB4B71}.Debug|Any CPU.ActiveCfg = Debug|x64
		{5E6EDD75-AE95-43A6-9D67-95B840EB4B71}.Debug|Any CPU.Build.0 = Debug|x64
		{5E6EDD75-AE95-43A6-9D67-95B840EB4B71}.Release|Any CPU.ActiveCfg = Release|x64
		{5E6EDD75-AE95-43A6-9D67-95B840EB4B71}.Release|Any CPU.Build.0 = Release|x64
		{9C70BD06-D52C-425E-9C14-5D66BC6046EF}.Debug|Any CPU.ActiveCfg = Debug|x64
		{9C70BD06-D52C-425E-9C14-5D66BC6046EF}.Debug|Any CPU.Build.0 = Debug|x64
		{9C70BD06-D52C-425E-9C14-5D66BC6046EF}.Release|Any CPU.ActiveCfg = Release|x64
		{9C70BD06-D52C-425E-9C14-5D66BC6046EF}.Release|Any CPU.Build.0 = Release|x64
		{4702A911-2513-478C-A434-2776393FDE77}.Debug|Any CPU.ActiveCfg = Debug|x64
		{4702A911-2513-478C-A434-2776393FDE77}.Debug|Any CPU.Build.0 = Debug|x64
		{4702A911-2513-478C-A434-2776393FDE77}.Release|Any CPU.ActiveCfg = Release|x64
		{4702A911-2513-478C-A434-2776393FDE77}.Release|Any CPU.Build.0 = Release|x64
		{66753AC7-0029-4373-9CC4-7760B1F46141}.Debug|Any CPU.ActiveCfg = Debug|x64
		{66753AC7-0029-4373-9CC4-7760B1F46141}.Debug|Any CPU.Build.0 = Debug|x64
		{66753AC7-0029-4373-9CC4-7760B1F46141}.Release|Any CPU.ActiveCfg = Release|x64
		{66753AC7-0029-4373-9CC4-7760B1F46141}.Release|Any CPU.Build.0 = Release|x64
		{5A44DF0C-C9DA-940F-4D6B-4A11D13AEA3D}.Debug|Any CPU.ActiveCfg = Debug|Any CPU
		{5A44DF0C-C9DA-940F-4D6B-4A11D13AEA3D}.Debug|Any CPU.Build.0 = Debug|Any CPU
		{5A44DF0C-C9DA-940F-4D6B-4A11D13AEA3D}.Release|Any CPU.ActiveCfg = Release|Any CPU
		{5A44DF0C-C9DA-940F-4D6B-4A11D13AEA3D}.Release|Any CPU.Build.0 = Release|Any CPU
		{88FB719B-EB41-73C5-8D25-C03E0C69904F}.Debug|Any CPU.ActiveCfg = Debug|Any CPU
		{88FB719B-EB41-73C5-8D25-C03E0C69904F}.Debug|Any CPU.Build.0 = Debug|Any CPU
		{88FB719B-EB41-73C5-8D25-C03E0C69904F}.Release|Any CPU.ActiveCfg = Release|Any CPU
		{88FB719B-EB41-73C5-8D25-C03E0C69904F}.Release|Any CPU.Build.0 = Release|Any CPU
		{27AA9F87-D2AA-41D9-A559-0F1EBA38C5F8}.Debug|Any CPU.ActiveCfg = Debug|x64
		{27AA9F87-D2AA-41D9-A559-0F1EBA38C5F8}.Debug|Any CPU.Build.0 = Debug|x64
		{27AA9F87-D2AA-41D9-A559-0F1EBA38C5F8}.Release|Any CPU.ActiveCfg = Release|x64
		{27AA9F87-D2AA-41D9-A559-0F1EBA38C5F8}.Release|Any CPU.Build.0 = Release|x64
		{8CDAEB2D-5022-450A-A97F-181C6270185F}.Debug|Any CPU.ActiveCfg = Debug|x64
		{8CDAEB2D-5022-450A-A97F-181C6270185F}.Debug|Any CPU.Build.0 = Debug|x64
		{8CDAEB2D-5022-450A-A97F-181C6270185F}.Release|Any CPU.ActiveCfg = Release|x64
		{8CDAEB2D-5022-450A-A97F-181C6270185F}.Release|Any CPU.Build.0 = Release|x64
		{F5D92D2D-D36F-4471-B657-8B9AA6C98AD6}.Debug|Any CPU.ActiveCfg = Debug|x64
		{F5D92D2D-D36F-4471-B657-8B9AA6C98AD6}.Debug|Any CPU.Build.0 = Debug|x64
		{F5D92D2D-D36F-4471-B657-8B9AA6C98AD6}.Release|Any CPU.ActiveCfg = Release|x64
		{F5D92D2D-D36F-4471-B657-8B9AA6C98AD6}.Release|Any CPU.Build.0 = Release|x64
	EndGlobalSection
	GlobalSection(SolutionProperties) = preSolution
		HideSolutionNode = FALSE
	EndGlobalSection
	GlobalSection(NestedProjects) = preSolution
		{4AFDB34A-7467-4D41-B067-53BC4101D9D0} = {8F079208-C227-4D96-9427-2BEBE0003944}
		{C9B87BD7-AF49-41C3-91F1-D550ADEB7833} = {8BBACF2D-7AB8-4610-A115-0E363D35C291}
		{E0D51896-604F-4B40-8CFE-51941607B3A1} = {8BBACF2D-7AB8-4610-A115-0E363D35C291}
		{A568929D-6FF6-4DFA-9D14-5D7DC08FA5E0} = {8F079208-C227-4D96-9427-2BEBE0003944}
		{3620414C-7DFC-423E-929F-310E19F5D930} = {8BBACF2D-7AB8-4610-A115-0E363D35C291}
		{A6AA1C3F-9470-4922-9D3F-D4549657AB22} = {8BBACF2D-7AB8-4610-A115-0E363D35C291}
		{8430077C-F736-4246-A052-8EA1CECE844E} = {DBE5345E-6594-4A59-B183-1C3D5592269D}
		{DBE5345E-6594-4A59-B183-1C3D5592269D} = {E15BDA6D-E881-4482-94BA-BE5527E917FF}
		{8BBACF2D-7AB8-4610-A115-0E363D35C291} = {E15BDA6D-E881-4482-94BA-BE5527E917FF}
		{76CAA246-C405-4A8C-B0AE-F4A0EF3D4E16} = {DBE5345E-6594-4A59-B183-1C3D5592269D}
		{F258347D-31BE-4605-98CE-40E43BDF6F9D} = {DBE5345E-6594-4A59-B183-1C3D5592269D}
		{B0AA8737-33A3-4766-8CBE-A48F2EF283BA} = {A217B3DF-607A-4EFB-B107-3C4809348043}
		{5E6EDD75-AE95-43A6-9D67-95B840EB4B71} = {A217B3DF-607A-4EFB-B107-3C4809348043}
		{9C70BD06-D52C-425E-9C14-5D66BC6046EF} = {A217B3DF-607A-4EFB-B107-3C4809348043}
		{4702A911-2513-478C-A434-2776393FDE77} = {A217B3DF-607A-4EFB-B107-3C4809348043}
		{66753AC7-0029-4373-9CC4-7760B1F46141} = {A217B3DF-607A-4EFB-B107-3C4809348043}
		{02EA681E-C7D8-13C7-8484-4AC65E1B71E8} = {E15BDA6D-E881-4482-94BA-BE5527E917FF}
		{5A44DF0C-C9DA-940F-4D6B-4A11D13AEA3D} = {02EA681E-C7D8-13C7-8484-4AC65E1B71E8}
		{88FB719B-EB41-73C5-8D25-C03E0C69904F} = {02EA681E-C7D8-13C7-8484-4AC65E1B71E8}
		{27AA9F87-D2AA-41D9-A559-0F1EBA38C5F8} = {50BEC23B-FFFD-427B-A95D-27E1D1958FFF}
		{8CDAEB2D-5022-450A-A97F-181C6270185F} = {50BEC23B-FFFD-427B-A95D-27E1D1958FFF}
		{F5D92D2D-D36F-4471-B657-8B9AA6C98AD6} = {50BEC23B-FFFD-427B-A95D-27E1D1958FFF}
	EndGlobalSection
	GlobalSection(ExtensibilityGlobals) = postSolution
		SolutionGuid = {79B65AC9-C940-410E-AB61-7EA7E12C7599}
	EndGlobalSection
EndGlobal
