
Microsoft Visual Studio Solution File, Format Version 12.00
# Visual Studio Version 16
VisualStudioVersion = 16.0.29215.179
MinimumVisualStudioVersion = 10.0.40219.1
Project("{9A19103F-16F7-4668-BE54-9A1E7A4F7556}") = "Dalamud", "Dalamud\Dalamud.csproj", "{B92DAB43-2279-4A2C-96E3-D9D5910EDBEA}"
EndProject
Project("{9A19103F-16F7-4668-BE54-9A1E7A4F7556}") = "Dalamud.Injector", "Dalamud.Injector\Dalamud.Injector.csproj", "{5B832F73-5F54-4ADC-870F-D0095EF72C9A}"
EndProject
Project("{2150E333-8FDC-42A3-9474-1A3956D46DE8}") = "lib", "lib", "{E9868930-4223-4D57-8F31-84E580E4B24B}"
EndProject
Project("{2150E333-8FDC-42A3-9474-1A3956D46DE8}") = "CoreHook", "CoreHook", "{CE78D902-02B5-4C7B-A46A-D44BD2F4C622}"
EndProject
Project("{9A19103F-16F7-4668-BE54-9A1E7A4F7556}") = "CoreHook", "lib\CoreHook\src\CoreHook\CoreHook.csproj", "{441EE8F0-AD8E-479B-9F68-12D157F080AF}"
EndProject
Project("{9A19103F-16F7-4668-BE54-9A1E7A4F7556}") = "CoreHook.BinaryInjection", "lib\CoreHook\src\CoreHook.BinaryInjection\CoreHook.BinaryInjection.csproj", "{91CB76FC-8E4B-4B4C-B5AD-D681866A2188}"
EndProject
Project("{9A19103F-16F7-4668-BE54-9A1E7A4F7556}") = "CoreHook.DependencyModel", "lib\CoreHook\src\CoreHook.DependencyModel\CoreHook.DependencyModel.csproj", "{1155DC7F-22F5-4217-A03C-D0E603C27698}"
EndProject
Project("{9A19103F-16F7-4668-BE54-9A1E7A4F7556}") = "CoreHook.CoreLoad", "lib\CoreHook\src\CoreHook.CoreLoad\CoreHook.CoreLoad.csproj", "{A1BC1DFD-AAE0-4221-A972-46CEBE4FCBF8}"
EndProject
Project("{9A19103F-16F7-4668-BE54-9A1E7A4F7556}") = "CoreHook.IPC", "lib\CoreHook\src\CoreHook.IPC\CoreHook.IPC.csproj", "{B585D1B1-63D8-454E-B76E-F1E0D550DCE7}"
EndProject
Project("{9A19103F-16F7-4668-BE54-9A1E7A4F7556}") = "CoreHook.Memory", "lib\CoreHook\src\CoreHook.Memory\CoreHook.Memory.csproj", "{ED4FFE13-5F83-42B9-8847-E7C4D7A988E8}"
EndProject
Project("{9A19103F-16F7-4668-BE54-9A1E7A4F7556}") = "Dalamud.Bootstrap", "Dalamud.Bootstrap\Dalamud.Bootstrap.csproj", "{19032128-E336-460F-B6E4-EAF6055589E5}"
EndProject
Project("{9A19103F-16F7-4668-BE54-9A1E7A4F7556}") = "Dalamud.Testing", "Dalamud.Testing\Dalamud.Testing.csproj", "{0A99A6B3-12E2-4197-A6F3-9211B6D4D824}"
EndProject
Project("{9A19103F-16F7-4668-BE54-9A1E7A4F7556}") = "Build", "Build\Build.csproj", "{A6BB70E8-7F14-410F-A296-1B4495F6F069}"
EndProject
Global
	GlobalSection(SolutionConfigurationPlatforms) = preSolution
		Debug|Any CPU = Debug|Any CPU
		Debug|x64 = Debug|x64
		Debug|x86 = Debug|x86
		Release|Any CPU = Release|Any CPU
		Release|x64 = Release|x64
		Release|x86 = Release|x86
	EndGlobalSection
	GlobalSection(ProjectConfigurationPlatforms) = postSolution
		{B92DAB43-2279-4A2C-96E3-D9D5910EDBEA}.Debug|Any CPU.ActiveCfg = Debug|Any CPU
		{B92DAB43-2279-4A2C-96E3-D9D5910EDBEA}.Debug|Any CPU.Build.0 = Debug|Any CPU
		{B92DAB43-2279-4A2C-96E3-D9D5910EDBEA}.Debug|x64.ActiveCfg = Debug|Any CPU
		{B92DAB43-2279-4A2C-96E3-D9D5910EDBEA}.Debug|x64.Build.0 = Debug|Any CPU
		{B92DAB43-2279-4A2C-96E3-D9D5910EDBEA}.Debug|x86.ActiveCfg = Debug|Any CPU
		{B92DAB43-2279-4A2C-96E3-D9D5910EDBEA}.Debug|x86.Build.0 = Debug|Any CPU
		{B92DAB43-2279-4A2C-96E3-D9D5910EDBEA}.Release|Any CPU.ActiveCfg = Release|Any CPU
		{B92DAB43-2279-4A2C-96E3-D9D5910EDBEA}.Release|Any CPU.Build.0 = Release|Any CPU
		{B92DAB43-2279-4A2C-96E3-D9D5910EDBEA}.Release|x64.ActiveCfg = Release|Any CPU
		{B92DAB43-2279-4A2C-96E3-D9D5910EDBEA}.Release|x64.Build.0 = Release|Any CPU
		{B92DAB43-2279-4A2C-96E3-D9D5910EDBEA}.Release|x86.ActiveCfg = Release|Any CPU
		{B92DAB43-2279-4A2C-96E3-D9D5910EDBEA}.Release|x86.Build.0 = Release|Any CPU
		{5B832F73-5F54-4ADC-870F-D0095EF72C9A}.Debug|Any CPU.ActiveCfg = Debug|Any CPU
		{5B832F73-5F54-4ADC-870F-D0095EF72C9A}.Debug|Any CPU.Build.0 = Debug|Any CPU
		{5B832F73-5F54-4ADC-870F-D0095EF72C9A}.Debug|x64.ActiveCfg = Debug|Any CPU
		{5B832F73-5F54-4ADC-870F-D0095EF72C9A}.Debug|x64.Build.0 = Debug|Any CPU
		{5B832F73-5F54-4ADC-870F-D0095EF72C9A}.Debug|x86.ActiveCfg = Debug|Any CPU
		{5B832F73-5F54-4ADC-870F-D0095EF72C9A}.Debug|x86.Build.0 = Debug|Any CPU
		{5B832F73-5F54-4ADC-870F-D0095EF72C9A}.Release|Any CPU.ActiveCfg = Release|Any CPU
		{5B832F73-5F54-4ADC-870F-D0095EF72C9A}.Release|Any CPU.Build.0 = Release|Any CPU
		{5B832F73-5F54-4ADC-870F-D0095EF72C9A}.Release|x64.ActiveCfg = Release|Any CPU
		{5B832F73-5F54-4ADC-870F-D0095EF72C9A}.Release|x64.Build.0 = Release|Any CPU
		{5B832F73-5F54-4ADC-870F-D0095EF72C9A}.Release|x86.ActiveCfg = Release|Any CPU
		{5B832F73-5F54-4ADC-870F-D0095EF72C9A}.Release|x86.Build.0 = Release|Any CPU
		{441EE8F0-AD8E-479B-9F68-12D157F080AF}.Debug|Any CPU.ActiveCfg = Debug|Any CPU
		{441EE8F0-AD8E-479B-9F68-12D157F080AF}.Debug|Any CPU.Build.0 = Debug|Any CPU
		{441EE8F0-AD8E-479B-9F68-12D157F080AF}.Debug|x64.ActiveCfg = Debug|Any CPU
		{441EE8F0-AD8E-479B-9F68-12D157F080AF}.Debug|x64.Build.0 = Debug|Any CPU
		{441EE8F0-AD8E-479B-9F68-12D157F080AF}.Debug|x86.ActiveCfg = Debug|Any CPU
		{441EE8F0-AD8E-479B-9F68-12D157F080AF}.Debug|x86.Build.0 = Debug|Any CPU
		{441EE8F0-AD8E-479B-9F68-12D157F080AF}.Release|Any CPU.ActiveCfg = Release|Any CPU
		{441EE8F0-AD8E-479B-9F68-12D157F080AF}.Release|Any CPU.Build.0 = Release|Any CPU
		{441EE8F0-AD8E-479B-9F68-12D157F080AF}.Release|x64.ActiveCfg = Release|Any CPU
		{441EE8F0-AD8E-479B-9F68-12D157F080AF}.Release|x64.Build.0 = Release|Any CPU
		{441EE8F0-AD8E-479B-9F68-12D157F080AF}.Release|x86.ActiveCfg = Release|Any CPU
		{441EE8F0-AD8E-479B-9F68-12D157F080AF}.Release|x86.Build.0 = Release|Any CPU
		{91CB76FC-8E4B-4B4C-B5AD-D681866A2188}.Debug|Any CPU.ActiveCfg = Debug|Any CPU
		{91CB76FC-8E4B-4B4C-B5AD-D681866A2188}.Debug|Any CPU.Build.0 = Debug|Any CPU
		{91CB76FC-8E4B-4B4C-B5AD-D681866A2188}.Debug|x64.ActiveCfg = Debug|Any CPU
		{91CB76FC-8E4B-4B4C-B5AD-D681866A2188}.Debug|x64.Build.0 = Debug|Any CPU
		{91CB76FC-8E4B-4B4C-B5AD-D681866A2188}.Debug|x86.ActiveCfg = Debug|Any CPU
		{91CB76FC-8E4B-4B4C-B5AD-D681866A2188}.Debug|x86.Build.0 = Debug|Any CPU
		{91CB76FC-8E4B-4B4C-B5AD-D681866A2188}.Release|Any CPU.ActiveCfg = Release|Any CPU
		{91CB76FC-8E4B-4B4C-B5AD-D681866A2188}.Release|Any CPU.Build.0 = Release|Any CPU
		{91CB76FC-8E4B-4B4C-B5AD-D681866A2188}.Release|x64.ActiveCfg = Release|Any CPU
		{91CB76FC-8E4B-4B4C-B5AD-D681866A2188}.Release|x64.Build.0 = Release|Any CPU
		{91CB76FC-8E4B-4B4C-B5AD-D681866A2188}.Release|x86.ActiveCfg = Release|Any CPU
		{91CB76FC-8E4B-4B4C-B5AD-D681866A2188}.Release|x86.Build.0 = Release|Any CPU
		{1155DC7F-22F5-4217-A03C-D0E603C27698}.Debug|Any CPU.ActiveCfg = Debug|Any CPU
		{1155DC7F-22F5-4217-A03C-D0E603C27698}.Debug|Any CPU.Build.0 = Debug|Any CPU
		{1155DC7F-22F5-4217-A03C-D0E603C27698}.Debug|x64.ActiveCfg = Debug|Any CPU
		{1155DC7F-22F5-4217-A03C-D0E603C27698}.Debug|x64.Build.0 = Debug|Any CPU
		{1155DC7F-22F5-4217-A03C-D0E603C27698}.Debug|x86.ActiveCfg = Debug|Any CPU
		{1155DC7F-22F5-4217-A03C-D0E603C27698}.Debug|x86.Build.0 = Debug|Any CPU
		{1155DC7F-22F5-4217-A03C-D0E603C27698}.Release|Any CPU.ActiveCfg = Release|Any CPU
		{1155DC7F-22F5-4217-A03C-D0E603C27698}.Release|Any CPU.Build.0 = Release|Any CPU
		{1155DC7F-22F5-4217-A03C-D0E603C27698}.Release|x64.ActiveCfg = Release|Any CPU
		{1155DC7F-22F5-4217-A03C-D0E603C27698}.Release|x64.Build.0 = Release|Any CPU
		{1155DC7F-22F5-4217-A03C-D0E603C27698}.Release|x86.ActiveCfg = Release|Any CPU
		{1155DC7F-22F5-4217-A03C-D0E603C27698}.Release|x86.Build.0 = Release|Any CPU
		{A1BC1DFD-AAE0-4221-A972-46CEBE4FCBF8}.Debug|Any CPU.ActiveCfg = Debug|Any CPU
		{A1BC1DFD-AAE0-4221-A972-46CEBE4FCBF8}.Debug|Any CPU.Build.0 = Debug|Any CPU
		{A1BC1DFD-AAE0-4221-A972-46CEBE4FCBF8}.Debug|x64.ActiveCfg = Debug|Any CPU
		{A1BC1DFD-AAE0-4221-A972-46CEBE4FCBF8}.Debug|x64.Build.0 = Debug|Any CPU
		{A1BC1DFD-AAE0-4221-A972-46CEBE4FCBF8}.Debug|x86.ActiveCfg = Debug|Any CPU
		{A1BC1DFD-AAE0-4221-A972-46CEBE4FCBF8}.Debug|x86.Build.0 = Debug|Any CPU
		{A1BC1DFD-AAE0-4221-A972-46CEBE4FCBF8}.Release|Any CPU.ActiveCfg = Release|Any CPU
		{A1BC1DFD-AAE0-4221-A972-46CEBE4FCBF8}.Release|Any CPU.Build.0 = Release|Any CPU
		{A1BC1DFD-AAE0-4221-A972-46CEBE4FCBF8}.Release|x64.ActiveCfg = Release|Any CPU
		{A1BC1DFD-AAE0-4221-A972-46CEBE4FCBF8}.Release|x64.Build.0 = Release|Any CPU
		{A1BC1DFD-AAE0-4221-A972-46CEBE4FCBF8}.Release|x86.ActiveCfg = Release|Any CPU
		{A1BC1DFD-AAE0-4221-A972-46CEBE4FCBF8}.Release|x86.Build.0 = Release|Any CPU
		{B585D1B1-63D8-454E-B76E-F1E0D550DCE7}.Debug|Any CPU.ActiveCfg = Debug|Any CPU
		{B585D1B1-63D8-454E-B76E-F1E0D550DCE7}.Debug|Any CPU.Build.0 = Debug|Any CPU
		{B585D1B1-63D8-454E-B76E-F1E0D550DCE7}.Debug|x64.ActiveCfg = Debug|Any CPU
		{B585D1B1-63D8-454E-B76E-F1E0D550DCE7}.Debug|x64.Build.0 = Debug|Any CPU
		{B585D1B1-63D8-454E-B76E-F1E0D550DCE7}.Debug|x86.ActiveCfg = Debug|Any CPU
		{B585D1B1-63D8-454E-B76E-F1E0D550DCE7}.Debug|x86.Build.0 = Debug|Any CPU
		{B585D1B1-63D8-454E-B76E-F1E0D550DCE7}.Release|Any CPU.ActiveCfg = Release|Any CPU
		{B585D1B1-63D8-454E-B76E-F1E0D550DCE7}.Release|Any CPU.Build.0 = Release|Any CPU
		{B585D1B1-63D8-454E-B76E-F1E0D550DCE7}.Release|x64.ActiveCfg = Release|Any CPU
		{B585D1B1-63D8-454E-B76E-F1E0D550DCE7}.Release|x64.Build.0 = Release|Any CPU
		{B585D1B1-63D8-454E-B76E-F1E0D550DCE7}.Release|x86.ActiveCfg = Release|Any CPU
		{B585D1B1-63D8-454E-B76E-F1E0D550DCE7}.Release|x86.Build.0 = Release|Any CPU
		{ED4FFE13-5F83-42B9-8847-E7C4D7A988E8}.Debug|Any CPU.ActiveCfg = Debug|Any CPU
		{ED4FFE13-5F83-42B9-8847-E7C4D7A988E8}.Debug|Any CPU.Build.0 = Debug|Any CPU
		{ED4FFE13-5F83-42B9-8847-E7C4D7A988E8}.Debug|x64.ActiveCfg = Debug|Any CPU
		{ED4FFE13-5F83-42B9-8847-E7C4D7A988E8}.Debug|x64.Build.0 = Debug|Any CPU
		{ED4FFE13-5F83-42B9-8847-E7C4D7A988E8}.Debug|x86.ActiveCfg = Debug|Any CPU
		{ED4FFE13-5F83-42B9-8847-E7C4D7A988E8}.Debug|x86.Build.0 = Debug|Any CPU
		{ED4FFE13-5F83-42B9-8847-E7C4D7A988E8}.Release|Any CPU.ActiveCfg = Release|Any CPU
		{ED4FFE13-5F83-42B9-8847-E7C4D7A988E8}.Release|Any CPU.Build.0 = Release|Any CPU
		{ED4FFE13-5F83-42B9-8847-E7C4D7A988E8}.Release|x64.ActiveCfg = Release|Any CPU
		{ED4FFE13-5F83-42B9-8847-E7C4D7A988E8}.Release|x64.Build.0 = Release|Any CPU
		{ED4FFE13-5F83-42B9-8847-E7C4D7A988E8}.Release|x86.ActiveCfg = Release|Any CPU
		{ED4FFE13-5F83-42B9-8847-E7C4D7A988E8}.Release|x86.Build.0 = Release|Any CPU
		{19032128-E336-460F-B6E4-EAF6055589E5}.Debug|Any CPU.ActiveCfg = Debug|Any CPU
		{19032128-E336-460F-B6E4-EAF6055589E5}.Debug|Any CPU.Build.0 = Debug|Any CPU
		{19032128-E336-460F-B6E4-EAF6055589E5}.Debug|x64.ActiveCfg = Debug|Any CPU
		{19032128-E336-460F-B6E4-EAF6055589E5}.Debug|x64.Build.0 = Debug|Any CPU
		{19032128-E336-460F-B6E4-EAF6055589E5}.Debug|x86.ActiveCfg = Debug|Any CPU
		{19032128-E336-460F-B6E4-EAF6055589E5}.Debug|x86.Build.0 = Debug|Any CPU
		{19032128-E336-460F-B6E4-EAF6055589E5}.Release|Any CPU.ActiveCfg = Release|Any CPU
		{19032128-E336-460F-B6E4-EAF6055589E5}.Release|Any CPU.Build.0 = Release|Any CPU
		{19032128-E336-460F-B6E4-EAF6055589E5}.Release|x64.ActiveCfg = Release|Any CPU
		{19032128-E336-460F-B6E4-EAF6055589E5}.Release|x64.Build.0 = Release|Any CPU
		{19032128-E336-460F-B6E4-EAF6055589E5}.Release|x86.ActiveCfg = Release|Any CPU
		{19032128-E336-460F-B6E4-EAF6055589E5}.Release|x86.Build.0 = Release|Any CPU
		{0A99A6B3-12E2-4197-A6F3-9211B6D4D824}.Debug|Any CPU.ActiveCfg = Debug|Any CPU
		{0A99A6B3-12E2-4197-A6F3-9211B6D4D824}.Debug|Any CPU.Build.0 = Debug|Any CPU
		{0A99A6B3-12E2-4197-A6F3-9211B6D4D824}.Debug|x64.ActiveCfg = Debug|Any CPU
		{0A99A6B3-12E2-4197-A6F3-9211B6D4D824}.Debug|x64.Build.0 = Debug|Any CPU
		{0A99A6B3-12E2-4197-A6F3-9211B6D4D824}.Debug|x86.ActiveCfg = Debug|Any CPU
		{0A99A6B3-12E2-4197-A6F3-9211B6D4D824}.Debug|x86.Build.0 = Debug|Any CPU
		{0A99A6B3-12E2-4197-A6F3-9211B6D4D824}.Release|Any CPU.ActiveCfg = Release|Any CPU
		{0A99A6B3-12E2-4197-A6F3-9211B6D4D824}.Release|Any CPU.Build.0 = Release|Any CPU
		{0A99A6B3-12E2-4197-A6F3-9211B6D4D824}.Release|x64.ActiveCfg = Release|Any CPU
		{0A99A6B3-12E2-4197-A6F3-9211B6D4D824}.Release|x64.Build.0 = Release|Any CPU
		{0A99A6B3-12E2-4197-A6F3-9211B6D4D824}.Release|x86.ActiveCfg = Release|Any CPU
		{0A99A6B3-12E2-4197-A6F3-9211B6D4D824}.Release|x86.Build.0 = Release|Any CPU
		{A6BB70E8-7F14-410F-A296-1B4495F6F069}.Debug|Any CPU.ActiveCfg = Debug|Any CPU
		{A6BB70E8-7F14-410F-A296-1B4495F6F069}.Debug|x64.ActiveCfg = Debug|Any CPU
		{A6BB70E8-7F14-410F-A296-1B4495F6F069}.Debug|x64.Build.0 = Debug|Any CPU
		{A6BB70E8-7F14-410F-A296-1B4495F6F069}.Debug|x86.ActiveCfg = Debug|Any CPU
		{A6BB70E8-7F14-410F-A296-1B4495F6F069}.Debug|x86.Build.0 = Debug|Any CPU
		{A6BB70E8-7F14-410F-A296-1B4495F6F069}.Release|Any CPU.ActiveCfg = Release|Any CPU
		{A6BB70E8-7F14-410F-A296-1B4495F6F069}.Release|x64.ActiveCfg = Release|Any CPU
		{A6BB70E8-7F14-410F-A296-1B4495F6F069}.Release|x64.Build.0 = Release|Any CPU
		{A6BB70E8-7F14-410F-A296-1B4495F6F069}.Release|x86.ActiveCfg = Release|Any CPU
		{A6BB70E8-7F14-410F-A296-1B4495F6F069}.Release|x86.Build.0 = Release|Any CPU
	EndGlobalSection
	GlobalSection(SolutionProperties) = preSolution
		HideSolutionNode = FALSE
	EndGlobalSection
	GlobalSection(NestedProjects) = preSolution
		{CE78D902-02B5-4C7B-A46A-D44BD2F4C622} = {E9868930-4223-4D57-8F31-84E580E4B24B}
		{441EE8F0-AD8E-479B-9F68-12D157F080AF} = {CE78D902-02B5-4C7B-A46A-D44BD2F4C622}
		{91CB76FC-8E4B-4B4C-B5AD-D681866A2188} = {CE78D902-02B5-4C7B-A46A-D44BD2F4C622}
		{1155DC7F-22F5-4217-A03C-D0E603C27698} = {CE78D902-02B5-4C7B-A46A-D44BD2F4C622}
		{A1BC1DFD-AAE0-4221-A972-46CEBE4FCBF8} = {CE78D902-02B5-4C7B-A46A-D44BD2F4C622}
		{B585D1B1-63D8-454E-B76E-F1E0D550DCE7} = {CE78D902-02B5-4C7B-A46A-D44BD2F4C622}
		{ED4FFE13-5F83-42B9-8847-E7C4D7A988E8} = {CE78D902-02B5-4C7B-A46A-D44BD2F4C622}
	EndGlobalSection
	GlobalSection(ExtensibilityGlobals) = postSolution
		SolutionGuid = {79B65AC9-C940-410E-AB61-7EA7E12C7599}
	EndGlobalSection
EndGlobal
