Microsoft Visual Studio Solution File, Format Version 12.00
# Visual Studio Version 17
VisualStudioVersion = 17.1.32319.34
MinimumVisualStudioVersion = 10.0.40219.1
Project("{2150E333-8FDC-42A3-9474-1A3956D46DE8}") = "Solution Items", "Solution Items", "{CEF7D22B-CB85-400E-BD64-349A30E3C097}"
	ProjectSection(SolutionItems) = preProject
		.editorconfig = .editorconfig
		.gitignore = .gitignore
		targets\Dalamud.Plugin.Bootstrap.targets = targets\Dalamud.Plugin.Bootstrap.targets
		targets\Dalamud.Plugin.targets = targets\Dalamud.Plugin.targets
	EndProjectSection
EndProject
Project("{9A19103F-16F7-4668-BE54-9A1E7A4F7556}") = "build", "build\build.csproj", "{94E5B016-02B1-459B-97D9-E783F28764B2}"
EndProject
Project("{9A19103F-16F7-4668-BE54-9A1E7A4F7556}") = "Dalamud", "Dalamud\Dalamud.csproj", "{B92DAB43-2279-4A2C-96E3-D9D5910EDBEA}"
EndProject
Project("{8BC9CEB8-8B4A-11D0-8D11-00A0C91BC942}") = "Dalamud.Boot", "Dalamud.Boot\Dalamud.Boot.vcxproj", "{55198DC3-A03D-408E-A8EB-2077780C8576}"
EndProject
Project("{9A19103F-16F7-4668-BE54-9A1E7A4F7556}") = "Dalamud.Injector", "Dalamud.Injector\Dalamud.Injector.csproj", "{5B832F73-5F54-4ADC-870F-D0095EF72C9A}"
EndProject
Project("{8BC9CEB8-8B4A-11D0-8D11-00A0C91BC942}") = "Dalamud.Injector.Boot", "Dalamud.Injector.Boot\Dalamud.Injector.Boot.vcxproj", "{8874326B-E755-4D13-90B4-59AB263A3E6B}"
EndProject
Project("{9A19103F-16F7-4668-BE54-9A1E7A4F7556}") = "Dalamud.Test", "Dalamud.Test\Dalamud.Test.csproj", "{C8004563-1806-4329-844F-0EF6274291FC}"
EndProject
Project("{2150E333-8FDC-42A3-9474-1A3956D46DE8}") = "Interface", "Interface", "{E15BDA6D-E881-4482-94BA-BE5527E917FF}"
EndProject
Project("{9A19103F-16F7-4668-BE54-9A1E7A4F7556}") = "ImGui.NET-472", "lib\ImGuiScene\deps\ImGui.NET\src\ImGui.NET-472\ImGui.NET-472.csproj", "{0483026E-C6CE-4B1A-AA68-46544C08140B}"
EndProject
Project("{9A19103F-16F7-4668-BE54-9A1E7A4F7556}") = "ImGuiScene", "lib\ImGuiScene\ImGuiScene\ImGuiScene.csproj", "{C0E7E797-4FBF-4F46-BC57-463F3719BA7A}"
EndProject
Project("{9A19103F-16F7-4668-BE54-9A1E7A4F7556}") = "SDL2-CS", "lib\ImGuiScene\deps\SDL2-CS\SDL2-CS.csproj", "{2F7FF0A8-B619-4572-86C7-71E46FE22FB8}"
EndProject
Project("{9A19103F-16F7-4668-BE54-9A1E7A4F7556}") = "Dalamud.CorePlugin", "Dalamud.CorePlugin\Dalamud.CorePlugin.csproj", "{4AFDB34A-7467-4D41-B067-53BC4101D9D0}"
EndProject
Project("{9A19103F-16F7-4668-BE54-9A1E7A4F7556}") = "FFXIVClientStructs", "lib\FFXIVClientStructs\FFXIVClientStructs\FFXIVClientStructs.csproj", "{C9B87BD7-AF49-41C3-91F1-D550ADEB7833}"
EndProject
Project("{9A19103F-16F7-4668-BE54-9A1E7A4F7556}") = "FFXIVClientStructs.InteropSourceGenerators", "lib\FFXIVClientStructs\FFXIVClientStructs.InteropSourceGenerators\FFXIVClientStructs.InteropSourceGenerators.csproj", "{05AB2F46-268B-4915-806F-DDF813E2D59D}"
EndProject
Project("{8BC9CEB8-8B4A-11D0-8D11-00A0C91BC942}") = "DalamudCrashHandler", "DalamudCrashHandler\DalamudCrashHandler.vcxproj", "{317A264C-920B-44A1-8A34-F3A6827B0705}"
EndProject
Project("{9A19103F-16F7-4668-BE54-9A1E7A4F7556}") = "Dalamud.Common", "Dalamud.Common\Dalamud.Common.csproj", "{F21B13D2-D7D0-4456-B70F-3F8D695064E2}"
EndProject
Project("{FAE04EC0-301F-11D3-BF4B-00C04F79EFBC}") = "Dalamud.LocExporter", "tools\Dalamud.LocExporter\Dalamud.LocExporter.csproj", "{A568929D-6FF6-4DFA-9D14-5D7DC08FA5E0}"
EndProject
Global
	GlobalSection(SolutionConfigurationPlatforms) = preSolution
		Debug|Any CPU = Debug|Any CPU
		Release|Any CPU = Release|Any CPU
	EndGlobalSection
	GlobalSection(ProjectConfigurationPlatforms) = postSolution
		{94E5B016-02B1-459B-97D9-E783F28764B2}.Debug|Any CPU.ActiveCfg = Debug|Any CPU
		{94E5B016-02B1-459B-97D9-E783F28764B2}.Debug|Any CPU.Build.0 = Debug|Any CPU
		{94E5B016-02B1-459B-97D9-E783F28764B2}.Release|Any CPU.ActiveCfg = Release|Any CPU
		{94E5B016-02B1-459B-97D9-E783F28764B2}.Release|Any CPU.Build.0 = Release|Any CPU
		{B92DAB43-2279-4A2C-96E3-D9D5910EDBEA}.Debug|Any CPU.ActiveCfg = Debug|x64
		{B92DAB43-2279-4A2C-96E3-D9D5910EDBEA}.Debug|Any CPU.Build.0 = Debug|x64
		{B92DAB43-2279-4A2C-96E3-D9D5910EDBEA}.Release|Any CPU.ActiveCfg = Release|x64
		{B92DAB43-2279-4A2C-96E3-D9D5910EDBEA}.Release|Any CPU.Build.0 = Release|x64
		{55198DC3-A03D-408E-A8EB-2077780C8576}.Debug|Any CPU.ActiveCfg = Debug|x64
		{55198DC3-A03D-408E-A8EB-2077780C8576}.Debug|Any CPU.Build.0 = Debug|x64
		{55198DC3-A03D-408E-A8EB-2077780C8576}.Release|Any CPU.ActiveCfg = Release|x64
		{55198DC3-A03D-408E-A8EB-2077780C8576}.Release|Any CPU.Build.0 = Release|x64
		{5B832F73-5F54-4ADC-870F-D0095EF72C9A}.Debug|Any CPU.ActiveCfg = Debug|x64
		{5B832F73-5F54-4ADC-870F-D0095EF72C9A}.Debug|Any CPU.Build.0 = Debug|x64
		{5B832F73-5F54-4ADC-870F-D0095EF72C9A}.Release|Any CPU.ActiveCfg = Release|x64
		{5B832F73-5F54-4ADC-870F-D0095EF72C9A}.Release|Any CPU.Build.0 = Release|x64
		{8874326B-E755-4D13-90B4-59AB263A3E6B}.Debug|Any CPU.ActiveCfg = Debug|x64
		{8874326B-E755-4D13-90B4-59AB263A3E6B}.Debug|Any CPU.Build.0 = Debug|x64
		{8874326B-E755-4D13-90B4-59AB263A3E6B}.Release|Any CPU.ActiveCfg = Release|x64
		{8874326B-E755-4D13-90B4-59AB263A3E6B}.Release|Any CPU.Build.0 = Release|x64
		{C8004563-1806-4329-844F-0EF6274291FC}.Debug|Any CPU.ActiveCfg = Debug|x64
		{C8004563-1806-4329-844F-0EF6274291FC}.Debug|Any CPU.Build.0 = Debug|x64
		{C8004563-1806-4329-844F-0EF6274291FC}.Release|Any CPU.ActiveCfg = Release|x64
		{C8004563-1806-4329-844F-0EF6274291FC}.Release|Any CPU.Build.0 = Release|x64
		{0483026E-C6CE-4B1A-AA68-46544C08140B}.Debug|Any CPU.ActiveCfg = Debug|x64
		{0483026E-C6CE-4B1A-AA68-46544C08140B}.Debug|Any CPU.Build.0 = Debug|x64
		{0483026E-C6CE-4B1A-AA68-46544C08140B}.Release|Any CPU.ActiveCfg = Release|x64
		{0483026E-C6CE-4B1A-AA68-46544C08140B}.Release|Any CPU.Build.0 = Release|x64
		{C0E7E797-4FBF-4F46-BC57-463F3719BA7A}.Debug|Any CPU.ActiveCfg = Debug|x64
		{C0E7E797-4FBF-4F46-BC57-463F3719BA7A}.Debug|Any CPU.Build.0 = Debug|x64
		{C0E7E797-4FBF-4F46-BC57-463F3719BA7A}.Release|Any CPU.ActiveCfg = Release|x64
		{C0E7E797-4FBF-4F46-BC57-463F3719BA7A}.Release|Any CPU.Build.0 = Release|x64
		{2F7FF0A8-B619-4572-86C7-71E46FE22FB8}.Debug|Any CPU.ActiveCfg = Debug|x64
		{2F7FF0A8-B619-4572-86C7-71E46FE22FB8}.Debug|Any CPU.Build.0 = Debug|x64
		{2F7FF0A8-B619-4572-86C7-71E46FE22FB8}.Release|Any CPU.ActiveCfg = Release|x64
		{2F7FF0A8-B619-4572-86C7-71E46FE22FB8}.Release|Any CPU.Build.0 = Release|x64
		{4AFDB34A-7467-4D41-B067-53BC4101D9D0}.Debug|Any CPU.ActiveCfg = Debug|x64
		{4AFDB34A-7467-4D41-B067-53BC4101D9D0}.Debug|Any CPU.Build.0 = Debug|x64
		{4AFDB34A-7467-4D41-B067-53BC4101D9D0}.Release|Any CPU.ActiveCfg = Release|x64
		{4AFDB34A-7467-4D41-B067-53BC4101D9D0}.Release|Any CPU.Build.0 = Release|x64
		{C9B87BD7-AF49-41C3-91F1-D550ADEB7833}.Debug|Any CPU.ActiveCfg = Debug|Any CPU
		{C9B87BD7-AF49-41C3-91F1-D550ADEB7833}.Debug|Any CPU.Build.0 = Debug|Any CPU
		{C9B87BD7-AF49-41C3-91F1-D550ADEB7833}.Release|Any CPU.ActiveCfg = Release|Any CPU
		{C9B87BD7-AF49-41C3-91F1-D550ADEB7833}.Release|Any CPU.Build.0 = Release|Any CPU
		{05AB2F46-268B-4915-806F-DDF813E2D59D}.Debug|Any CPU.ActiveCfg = Debug|Any CPU
		{05AB2F46-268B-4915-806F-DDF813E2D59D}.Debug|Any CPU.Build.0 = Debug|Any CPU
		{05AB2F46-268B-4915-806F-DDF813E2D59D}.Release|Any CPU.ActiveCfg = Release|Any CPU
		{05AB2F46-268B-4915-806F-DDF813E2D59D}.Release|Any CPU.Build.0 = Release|Any CPU
		{317A264C-920B-44A1-8A34-F3A6827B0705}.Debug|Any CPU.ActiveCfg = Debug|x64
		{317A264C-920B-44A1-8A34-F3A6827B0705}.Debug|Any CPU.Build.0 = Debug|x64
		{317A264C-920B-44A1-8A34-F3A6827B0705}.Release|Any CPU.ActiveCfg = Release|x64
		{317A264C-920B-44A1-8A34-F3A6827B0705}.Release|Any CPU.Build.0 = Release|x64
		{F21B13D2-D7D0-4456-B70F-3F8D695064E2}.Debug|Any CPU.ActiveCfg = Debug|Any CPU
		{F21B13D2-D7D0-4456-B70F-3F8D695064E2}.Debug|Any CPU.Build.0 = Debug|Any CPU
		{F21B13D2-D7D0-4456-B70F-3F8D695064E2}.Release|Any CPU.ActiveCfg = Release|Any CPU
		{F21B13D2-D7D0-4456-B70F-3F8D695064E2}.Release|Any CPU.Build.0 = Release|Any CPU
		{A568929D-6FF6-4DFA-9D14-5D7DC08FA5E0}.Debug|Any CPU.ActiveCfg = Debug|Any CPU
		{A568929D-6FF6-4DFA-9D14-5D7DC08FA5E0}.Debug|Any CPU.Build.0 = Debug|Any CPU
		{A568929D-6FF6-4DFA-9D14-5D7DC08FA5E0}.Release|Any CPU.ActiveCfg = Release|Any CPU
		{A568929D-6FF6-4DFA-9D14-5D7DC08FA5E0}.Release|Any CPU.Build.0 = Release|Any CPU
	EndGlobalSection
	GlobalSection(SolutionProperties) = preSolution
		HideSolutionNode = FALSE
	EndGlobalSection
	GlobalSection(NestedProjects) = preSolution
		{0483026E-C6CE-4B1A-AA68-46544C08140B} = {E15BDA6D-E881-4482-94BA-BE5527E917FF}
		{C0E7E797-4FBF-4F46-BC57-463F3719BA7A} = {E15BDA6D-E881-4482-94BA-BE5527E917FF}
		{2F7FF0A8-B619-4572-86C7-71E46FE22FB8} = {E15BDA6D-E881-4482-94BA-BE5527E917FF}
		{C9B87BD7-AF49-41C3-91F1-D550ADEB7833} = {E15BDA6D-E881-4482-94BA-BE5527E917FF}
		{05AB2F46-268B-4915-806F-DDF813E2D59D} = {E15BDA6D-E881-4482-94BA-BE5527E917FF}
	EndGlobalSection
	GlobalSection(ExtensibilityGlobals) = postSolution
		SolutionGuid = {79B65AC9-C940-410E-AB61-7EA7E12C7599}
	EndGlobalSection
EndGlobal
