<?xml version="1.0" encoding="utf-8"?>
<Project ToolsVersion="4.0" xmlns="http://schemas.microsoft.com/developer/msbuild/2003">
  <ItemGroup>
    <Filter Include="CoreCLR">
      <UniqueIdentifier>{dc468303-865e-43bd-908f-a3542c4bb669}</UniqueIdentifier>
    </Filter>
    <Filter Include="Dalamud.Boot DLL">
      <UniqueIdentifier>{4FC737F1-C7A5-4376-A066-2A32D752A2FF}</UniqueIdentifier>
      <Extensions>cpp;c;cc;cxx;c++;cppm;ixx;def;odl;idl;hpj;bat;asm;asmx</Extensions>
    </Filter>
    <Filter Include="Project Files">
      <UniqueIdentifier>{0c915688-91ea-431f-8b68-845cad422a50}</UniqueIdentifier>
    </Filter>
    <Filter Include="Common Boot">
      <UniqueIdentifier>{e31f7ca0-db29-4198-8b91-bb11b339705f}</UniqueIdentifier>
    </Filter>
    <Filter Include="MinHook">
      <UniqueIdentifier>{6ec5597d-e293-4d2a-a307-7444c8fac04b}</UniqueIdentifier>
    </Filter>
  </ItemGroup>
  <ItemGroup>
    <ClCompile Include="dllmain.cpp">
      <Filter>Dalamud.Boot DLL</Filter>
    </ClCompile>
    <ClCompile Include="veh.cpp">
      <Filter>Dalamud.Boot DLL</Filter>
    </ClCompile>
    <ClCompile Include="rewrite_entrypoint.cpp">
      <Filter>Dalamud.Boot DLL</Filter>
    </ClCompile>
    <ClCompile Include="..\lib\CoreCLR\CoreCLR.cpp">
      <Filter>CoreCLR</Filter>
    </ClCompile>
    <ClCompile Include="..\lib\CoreCLR\boot.cpp">
      <Filter>CoreCLR</Filter>
    </ClCompile>
    <ClCompile Include="pch_nmd_assembly_impl.cpp">
      <Filter>Project Files</Filter>
    </ClCompile>
    <ClCompile Include="pch.cpp">
      <Filter>Project Files</Filter>
    </ClCompile>
    <ClCompile Include="utils.cpp">
      <Filter>Dalamud.Boot DLL</Filter>
    </ClCompile>
    <ClCompile Include="xivfixes.cpp">
      <Filter>Dalamud.Boot DLL</Filter>
    </ClCompile>
    <ClCompile Include="logging.cpp">
      <Filter>Common Boot</Filter>
    </ClCompile>
    <ClCompile Include="unicode.cpp">
      <Filter>Common Boot</Filter>
    </ClCompile>
    <ClCompile Include="..\lib\TsudaKageyu-minhook\src\buffer.c">
      <Filter>MinHook</Filter>
    </ClCompile>
    <ClCompile Include="..\lib\TsudaKageyu-minhook\src\HDE\hde32.c">
      <Filter>MinHook</Filter>
    </ClCompile>
    <ClCompile Include="..\lib\TsudaKageyu-minhook\src\HDE\hde64.c">
      <Filter>MinHook</Filter>
    </ClCompile>
    <ClCompile Include="..\lib\TsudaKageyu-minhook\src\hook.c">
      <Filter>MinHook</Filter>
    </ClCompile>
    <ClCompile Include="..\lib\TsudaKageyu-minhook\src\trampoline.c">
      <Filter>MinHook</Filter>
    </ClCompile>
    <ClCompile Include="hooks.cpp">
      <Filter>Dalamud.Boot DLL</Filter>
    </ClCompile>
    <ClCompile Include="DalamudStartInfo.cpp">
      <Filter>Dalamud.Boot DLL</Filter>
    </ClCompile>
    <ClCompile Include="ntdll.cpp">
      <Filter>Dalamud.Boot DLL</Filter>
    </ClCompile>
  </ItemGroup>
  <ItemGroup>
    <ClInclude Include="..\lib\CoreCLR\CoreCLR.h">
      <Filter>CoreCLR</Filter>
    </ClInclude>
    <ClInclude Include="..\lib\CoreCLR\boot.h">
      <Filter>CoreCLR</Filter>
    </ClInclude>
    <ClInclude Include="..\lib\CoreCLR\core\coreclr_delegates.h">
      <Filter>CoreCLR</Filter>
    </ClInclude>
    <ClInclude Include="..\lib\CoreCLR\core\hostfxr.h">
      <Filter>CoreCLR</Filter>
    </ClInclude>
    <ClInclude Include="..\lib\CoreCLR\nethost\nethost.h">
      <Filter>CoreCLR</Filter>
    </ClInclude>
    <ClInclude Include="veh.h">
      <Filter>Dalamud.Boot DLL</Filter>
    </ClInclude>
    <ClInclude Include="pch.h">
      <Filter>Project Files</Filter>
    </ClInclude>
    <ClInclude Include="utils.h">
      <Filter>Dalamud.Boot DLL</Filter>
    </ClInclude>
    <ClInclude Include="hooks.h">
      <Filter>Dalamud.Boot DLL</Filter>
    </ClInclude>
    <ClInclude Include="DalamudStartInfo.h">
      <Filter>Dalamud.Boot DLL</Filter>
    </ClInclude>
    <ClInclude Include="xivfixes.h">
      <Filter>Dalamud.Boot DLL</Filter>
    </ClInclude>
    <ClInclude Include="logging.h">
      <Filter>Common Boot</Filter>
    </ClInclude>
    <ClInclude Include="unicode.h">
      <Filter>Common Boot</Filter>
    </ClInclude>
    <ClInclude Include="..\lib\TsudaKageyu-minhook\src\trampoline.h">
      <Filter>MinHook</Filter>
    </ClInclude>
    <ClInclude Include="..\lib\TsudaKageyu-minhook\src\buffer.h">
      <Filter>MinHook</Filter>
    </ClInclude>
    <ClInclude Include="..\lib\TsudaKageyu-minhook\src\HDE\hde32.h">
      <Filter>MinHook</Filter>
    </ClInclude>
    <ClInclude Include="..\lib\TsudaKageyu-minhook\src\HDE\hde64.h">
      <Filter>MinHook</Filter>
    </ClInclude>
    <ClInclude Include="..\lib\TsudaKageyu-minhook\include\MinHook.h">
      <Filter>MinHook</Filter>
    </ClInclude>
    <ClInclude Include="..\lib\TsudaKageyu-minhook\src\HDE\pstdint.h">
      <Filter>MinHook</Filter>
    </ClInclude>
    <ClInclude Include="..\lib\TsudaKageyu-minhook\src\HDE\table32.h">
      <Filter>MinHook</Filter>
    </ClInclude>
    <ClInclude Include="..\lib\TsudaKageyu-minhook\src\HDE\table64.h">
      <Filter>MinHook</Filter>
    </ClInclude>
    <ClInclude Include="resource.h" />
    <ClInclude Include="crashhandler_shared.h" />
    <ClInclude Include="ntdll.h">
      <Filter>Dalamud.Boot DLL</Filter>
    </ClInclude>
  </ItemGroup>
  <ItemGroup>
    <ResourceCompile Include="Dalamud.Boot.rc" />
  </ItemGroup>
  <ItemGroup>
    <Image Include="dalamud.ico" />
  </ItemGroup>
  <ItemGroup>
    <MASM Include="rewrite_entrypoint_thunks.asm">
      <Filter>Dalamud.Boot DLL</Filter>
    </MASM>
  </ItemGroup>
  <ItemGroup>
    <None Include="module.def">
      <Filter>Dalamud.Boot DLL</Filter>
    </None>
  </ItemGroup>
</Project>