<?xml version="1.0" encoding="utf-8"?>
<Project ToolsVersion="4.0" xmlns="http://schemas.microsoft.com/developer/msbuild/2003">
  <ItemGroup>
    <Filter Include="Library Files">
      <UniqueIdentifier>{18be40ac-9367-46ff-b848-4c528aa97a8d}</UniqueIdentifier>
      <Extensions>lib</Extensions>
    </Filter>
    <Filter Include="CoreCLR">
      <UniqueIdentifier>{dc468303-865e-43bd-908f-a3542c4bb669}</UniqueIdentifier>
    </Filter>
    <Filter Include="Dalamud.Boot DLL">
      <UniqueIdentifier>{4FC737F1-C7A5-4376-A066-2A32D752A2FF}</UniqueIdentifier>
      <Extensions>cpp;c;cc;cxx;c++;cppm;ixx;def;odl;idl;hpj;bat;asm;asmx</Extensions>
    </Filter>
  </ItemGroup>
  <ItemGroup>
    <ClCompile Include="dllmain.cpp">
      <Filter>Dalamud.Boot DLL</Filter>
    </ClCompile>
    <ClCompile Include="pch.cpp">
      <Filter>Dalamud.Boot DLL</Filter>
    </ClCompile>
    <ClCompile Include="veh.cpp">
      <Filter>Dalamud.Boot DLL</Filter>
    </ClCompile>
    <ClCompile Include="rewrite_entrypoint.cpp">
      <Filter>Dalamud.Boot DLL</Filter>
    </ClCompile>
    <ClCompile Include="..\lib\CoreCLR\CoreCLR.cpp">
      <Filter>CoreCLR</Filter>
    </ClCompile>
    <ClCompile Include="..\lib\CoreCLR\boot.cpp">
      <Filter>CoreCLR</Filter>
    </ClCompile>
  </ItemGroup>
  <ItemGroup>
    <ClInclude Include="..\lib\CoreCLR\CoreCLR.h">
      <Filter>CoreCLR</Filter>
    </ClInclude>
    <ClInclude Include="..\lib\CoreCLR\boot.h">
      <Filter>CoreCLR</Filter>
    </ClInclude>
    <ClInclude Include="..\lib\CoreCLR\core\coreclr_delegates.h">
      <Filter>CoreCLR</Filter>
    </ClInclude>
    <ClInclude Include="..\lib\CoreCLR\core\hostfxr.h">
      <Filter>CoreCLR</Filter>
    </ClInclude>
    <ClInclude Include="..\lib\CoreCLR\nethost\nethost.h">
      <Filter>CoreCLR</Filter>
    </ClInclude>
    <ClInclude Include="veh.h">
      <Filter>Dalamud.Boot DLL</Filter>
    </ClInclude>
    <ClInclude Include="pch.h">
      <Filter>Dalamud.Boot DLL</Filter>
    </ClInclude>
  </ItemGroup>
  <ItemGroup>
    <Library Include="..\lib\CoreCLR\nethost\nethost.lib">
      <Filter>Library Files</Filter>
    </Library>
    <Library Include="..\lib\CoreCLR\nethost\libnethost.lib">
      <Filter>Library Files</Filter>
    </Library>
  </ItemGroup>
</Project>