<?xml version="1.0" encoding="utf-8"?>
<Project ToolsVersion="4.0" xmlns="http://schemas.microsoft.com/developer/msbuild/2003">
  <ItemGroup>
    <Filter Include="CoreCLR">
      <UniqueIdentifier>{dc468303-865e-43bd-908f-a3542c4bb669}</UniqueIdentifier>
    </Filter>
    <Filter Include="Dalamud.Boot DLL">
      <UniqueIdentifier>{4FC737F1-C7A5-4376-A066-2A32D752A2FF}</UniqueIdentifier>
      <Extensions>cpp;c;cc;cxx;c++;cppm;ixx;def;odl;idl;hpj;bat;asm;asmx</Extensions>
    </Filter>
    <Filter Include="Project Files">
      <UniqueIdentifier>{0c915688-91ea-431f-8b68-845cad422a50}</UniqueIdentifier>
    </Filter>
    <Filter Include="Common Boot">
      <UniqueIdentifier>{e31f7ca0-db29-4198-8b91-bb11b339705f}</UniqueIdentifier>
    </Filter>
    <Filter Include="MinHook">
      <UniqueIdentifier>{6ec5597d-e293-4d2a-a307-7444c8fac04b}</UniqueIdentifier>
    </Filter>
    <Filter Include="mimalloc">
      <UniqueIdentifier>{1E4B70BD-38DD-4AA2-8EB1-01B64F11CD5D}</UniqueIdentifier>
    </Filter>
    <Filter Include="libdeflate">
      <UniqueIdentifier>{B0159F79-D6C0-4E8B-8DEF-9AC03F822A6B}</UniqueIdentifier>
    </Filter>
  </ItemGroup>
  <ItemGroup>
    <ClCompile Filter="mimalloc" Include="..\lib\mimalloc\src\alloc.c" />
    <ClCompile Filter="mimalloc" Include="..\lib\mimalloc\src\alloc-aligned.c" />
    <ClCompile Filter="mimalloc" Include="..\lib\mimalloc\src\alloc-posix.c" />
    <ClCompile Filter="mimalloc" Include="..\lib\mimalloc\src\arena.c" />
    <ClCompile Filter="mimalloc" Include="..\lib\mimalloc\src\bitmap.c" />
    <ClCompile Filter="mimalloc" Include="..\lib\mimalloc\src\heap.c" />
    <ClCompile Filter="mimalloc" Include="..\lib\mimalloc\src\init.c" />
    <ClCompile Filter="mimalloc" Include="..\lib\mimalloc\src\libc.c" />
    <ClCompile Filter="mimalloc" Include="..\lib\mimalloc\src\options.c" />
    <ClCompile Filter="mimalloc" Include="..\lib\mimalloc\src\os.c" />
    <ClCompile Filter="mimalloc" Include="..\lib\mimalloc\src\page.c" />
    <ClCompile Filter="mimalloc" Include="..\lib\mimalloc\src\random.c" />
    <ClCompile Filter="mimalloc" Include="..\lib\mimalloc\src\segment.c" />
    <ClCompile Filter="mimalloc" Include="..\lib\mimalloc\src\segment-map.c" />
    <ClCompile Filter="mimalloc" Include="..\lib\mimalloc\src\stats.c" />
    <ClCompile Filter="mimalloc" Include="..\lib\mimalloc\src\prim\prim.c" />
    <ClCompile Filter="libdeflate" Include="..\lib\libdeflate\lib\deflate_decompress.c" />
    <ClCompile Filter="libdeflate" Include="..\lib\libdeflate\lib\utils.c" />
    <ClCompile Filter="libdeflate" Include="..\lib\libdeflate\lib\x86\cpu_features.c" />
    <ClCompile Filter="CoreCLR" Include="..\lib\CoreCLR\CoreCLR.cpp" />
    <ClCompile Filter="CoreCLR" Include="..\lib\CoreCLR\boot.cpp" />
    <ClCompile Filter="MinHook" Include="..\lib\TsudaKageyu-minhook\src\buffer.c" />
    <ClCompile Filter="MinHook" Include="..\lib\TsudaKageyu-minhook\src\HDE\hde64.c" />
    <ClCompile Filter="MinHook" Include="..\lib\TsudaKageyu-minhook\src\hook.c" />
    <ClCompile Filter="MinHook" Include="..\lib\TsudaKageyu-minhook\src\trampoline.c" />
    <ClCompile Filter="Common Boot" Include="error_info.cpp" />
    <ClCompile Filter="Common Boot" Include="logging.cpp" />
    <ClCompile Filter="Common Boot" Include="unicode.cpp" />
    <ClCompile Filter="Dalamud.Boot DLL" Include="DalamudStartInfo.cpp" />
    <ClCompile Filter="Dalamud.Boot DLL" Include="dllmain.cpp" />
    <ClCompile Filter="Dalamud.Boot DLL" Include="hooks.cpp" />
    <ClCompile Filter="Dalamud.Boot DLL" Include="ntdll.cpp" />
    <ClCompile Filter="Dalamud.Boot DLL" Include="rewrite_entrypoint.cpp" />
    <ClCompile Filter="Dalamud.Boot DLL" Include="utils.cpp" />
    <ClCompile Filter="Dalamud.Boot DLL" Include="veh.cpp" />
    <ClCompile Filter="Dalamud.Boot DLL" Include="xivfixes.cpp" />
    <ClCompile Filter="Project Files" Include="pch.cpp" />
    <ClCompile Filter="Project Files" Include="pch_nmd_assembly_impl.cpp" />
  </ItemGroup>
  <ItemGroup>
    <ClInclude Filter="CoreCLR" Include="..\lib\CoreCLR\CoreCLR.h" />
    <ClInclude Filter="CoreCLR" Include="..\lib\CoreCLR\boot.h" />
    <ClInclude Filter="CoreCLR" Include="..\lib\CoreCLR\core\coreclr_delegates.h" />
    <ClInclude Filter="CoreCLR" Include="..\lib\CoreCLR\core\hostfxr.h" />
    <ClInclude Filter="CoreCLR" Include="..\lib\CoreCLR\nethost\nethost.h" />
    <ClInclude Filter="MinHook" Include="..\lib\TsudaKageyu-minhook\src\trampoline.h" />
    <ClInclude Filter="MinHook" Include="..\lib\TsudaKageyu-minhook\src\buffer.h" />
    <ClInclude Filter="MinHook" Include="..\lib\TsudaKageyu-minhook\src\HDE\hde64.h" />
    <ClInclude Filter="MinHook" Include="..\lib\TsudaKageyu-minhook\include\MinHook.h" />
    <ClInclude Filter="MinHook" Include="..\lib\TsudaKageyu-minhook\src\HDE\pstdint.h" />
    <ClInclude Filter="MinHook" Include="..\lib\TsudaKageyu-minhook\src\HDE\table32.h" />
    <ClInclude Filter="MinHook" Include="..\lib\TsudaKageyu-minhook\src\HDE\table64.h" />
    <ClInclude Filter="mimalloc" Include="..\lib\mimalloc\include\mimalloc.h" />
    <ClInclude Filter="mimalloc" Include="..\lib\mimalloc\include\mimalloc\atomic.h" />
    <ClInclude Filter="mimalloc" Include="..\lib\mimalloc\include\mimalloc\internal.h" />
    <ClInclude Filter="mimalloc" Include="..\lib\mimalloc\include\mimalloc\prim.h" />
    <ClInclude Filter="mimalloc" Include="..\lib\mimalloc\include\mimalloc\track.h" />
    <ClInclude Filter="mimalloc" Include="..\lib\mimalloc\include\mimalloc\types.h" />
    <ClInclude Filter="libdeflate" Include="..\lib\libdeflate\libdeflate.h" />
    <ClInclude Filter="libdeflate" Include="..\lib\libdeflate\lib\cpu_features_common.h" />
    <ClInclude Filter="libdeflate" Include="..\lib\libdeflate\lib\decompress_template.h" />
    <ClInclude Filter="libdeflate" Include="..\lib\libdeflate\lib\deflate_constants.h" />
    <ClInclude Filter="libdeflate" Include="..\lib\libdeflate\lib\lib_common.h" />
    <ClInclude Filter="libdeflate" Include="..\lib\libdeflate\lib\x86\cpu_features.h" />
    <ClInclude Filter="libdeflate" Include="..\lib\libdeflate\lib\x86\decompress_impl.h" />
    <ClInclude Filter="Common Boot" Include="error_info.h" />
    <ClInclude Filter="Common Boot" Include="logging.h" />
    <ClInclude Filter="Common Boot" Include="unicode.h" />
    <ClInclude Filter="Dalamud.Boot DLL" Include="DalamudStartInfo.h" />
    <ClInclude Filter="Dalamud.Boot DLL" Include="hooks.h" />
    <ClInclude Filter="Dalamud.Boot DLL" Include="ntdll.h" />
    <ClInclude Filter="Dalamud.Boot DLL" Include="utils.h" />
    <ClInclude Filter="Dalamud.Boot DLL" Include="veh.h" />
    <ClInclude Filter="Dalamud.Boot DLL" Include="xivfixes.h" />
    <ClInclude Filter="Project Files" Include="pch.h" />
    <ClInclude Include="crashhandler_shared.h" />
    <ClInclude Include="resource.h" />
  </ItemGroup>
  <ItemGroup>
    <ResourceCompile Include="Dalamud.Boot.rc" />
  </ItemGroup>
  <ItemGroup>
    <Image Include="dalamud.ico" />
  </ItemGroup>
  <ItemGroup>
    <MASM Include="rewrite_entrypoint_thunks.asm">
      <Filter>Dalamud.Boot DLL</Filter>
    </MASM>
  </ItemGroup>
  <ItemGroup>
    <None Include="module.def">
      <Filter>Dalamud.Boot DLL</Filter>
    </None>
  </ItemGroup>
  <ItemGroup>
    <Manifest Include="themes.manifest" />
  </ItemGroup>
</Project>
