<?xml version="1.0" encoding="utf-8"?>
<Project ToolsVersion="4.0" xmlns="http://schemas.microsoft.com/developer/msbuild/2003">
  <ItemGroup>
    <Filter Include="Source Files">
      <UniqueIdentifier>{4FC737F1-C7A5-4376-A066-2A32D752A2FF}</UniqueIdentifier>
      <Extensions>cpp;c;cc;cxx;c++;cppm;ixx;def;odl;idl;hpj;bat;asm;asmx</Extensions>
    </Filter>
    <Filter Include="Header Files">
      <UniqueIdentifier>{93995380-89BD-4b04-88EB-625FBE52EBFB}</UniqueIdentifier>
      <Extensions>h;hh;hpp;hxx;h++;hm;inl;inc;ipp;xsd</Extensions>
    </Filter>
    <Filter Include="Resource Files">
      <UniqueIdentifier>{4faac519-3a73-4b2b-96e7-fb597f02c0be}</UniqueIdentifier>
      <Extensions>ico;rc</Extensions>
    </Filter>
  </ItemGroup>
  <ItemGroup>
    <Image Include="dalamud.ico">
      <Filter>Resource Files</Filter>
    </Image>
  </ItemGroup>
  <ItemGroup>
    <ResourceCompile Include="resources.rc">
      <Filter>Resource Files</Filter>
    </ResourceCompile>
  </ItemGroup>
  <ItemGroup>
    <ClCompile Include="main.cpp">
      <Filter>Source Files</Filter>
    </ClCompile>
    <ClCompile Include="..\lib\CoreCLR\boot.cpp">
      <Filter>Source Files</Filter>
    </ClCompile>
    <ClCompile Include="..\lib\CoreCLR\CoreCLR.cpp">
      <Filter>Source Files</Filter>
    </ClCompile>
    <ClCompile Include="..\Dalamud.Boot\logging.cpp">
      <Filter>Source Files</Filter>
    </ClCompile>
    <ClCompile Include="..\Dalamud.Boot\unicode.cpp">
      <Filter>Source Files</Filter>
    </ClCompile>
  </ItemGroup>
  <ItemGroup>
    <ClInclude Include="..\lib\CoreCLR\CoreCLR.h">
      <Filter>Header Files</Filter>
    </ClInclude>
    <ClInclude Include="..\lib\CoreCLR\nethost\nethost.h">
      <Filter>Header Files</Filter>
    </ClInclude>
    <ClInclude Include="..\lib\CoreCLR\core\hostfxr.h">
      <Filter>Header Files</Filter>
    </ClInclude>
    <ClInclude Include="..\lib\CoreCLR\core\coreclr_delegates.h">
      <Filter>Header Files</Filter>
    </ClInclude>
    <ClInclude Include="..\Dalamud.Boot\logging.h">
      <Filter>Header Files</Filter>
    </ClInclude>
    <ClInclude Include="pch.h">
      <Filter>Header Files</Filter>
    </ClInclude>
    <ClInclude Include="..\Dalamud.Boot\unicode.h">
      <Filter>Header Files</Filter>
    </ClInclude>
  </ItemGroup>
</Project>