Microsoft Visual Studio Solution File, Format Version 12.00
# Visual Studio Version 17
VisualStudioVersion = 17.0.31423.177
MinimumVisualStudioVersion = 10.0.40219.1
Project("{2150E333-8FDC-42A3-9474-1A3956D46DE8}") = "Solution Items", "Solution Items", "{CEF7D22B-CB85-400E-BD64-349A30E3C097}"
	ProjectSection(SolutionItems) = preProject
		.editorconfig = .editorconfig
	EndProjectSection
EndProject
Project("{9A19103F-16F7-4668-BE54-9A1E7A4F7556}") = "Dalamud", "Dalamud\Dalamud.csproj", "{B92DAB43-2279-4A2C-96E3-D9D5910EDBEA}"
EndProject
Project("{8BC9CEB8-8B4A-11D0-8D11-00A0C91BC942}") = "Dalamud.Boot", "Dalamud.Boot\Dalamud.Boot.vcxproj", "{55198DC3-A03D-408E-A8EB-2077780C8576}"
EndProject
Project("{9A19103F-16F7-4668-BE54-9A1E7A4F7556}") = "Dalamud.Injector", "Dalamud.Injector\Dalamud.Injector.csproj", "{5B832F73-5F54-4ADC-870F-D0095EF72C9A}"
EndProject
Project("{8BC9CEB8-8B4A-11D0-8D11-00A0C91BC942}") = "Dalamud.Injector.Boot", "Dalamud.Injector.Boot\Dalamud.Injector.Boot.vcxproj", "{8874326B-E755-4D13-90B4-59AB263A3E6B}"
EndProject
Project("{9A19103F-16F7-4668-BE54-9A1E7A4F7556}") = "Dalamud.Test", "Dalamud.Test\Dalamud.Test.csproj", "{C8004563-1806-4329-844F-0EF6274291FC}"
EndProject
Project("{2150E333-8FDC-42A3-9474-1A3956D46DE8}") = "Interface", "Interface", "{E15BDA6D-E881-4482-94BA-BE5527E917FF}"
EndProject
Project("{9A19103F-16F7-4668-BE54-9A1E7A4F7556}") = "Dalamud.CorePlugin", "Dalamud.CorePlugin\Dalamud.CorePlugin.csproj", "{4AFDB34A-7467-4D41-B067-53BC4101D9D0}"
EndProject
Project("{9A19103F-16F7-4668-BE54-9A1E7A4F7556}") = "ImGuiScene", "lib\ImGuiScene\ImGuiScene\ImGuiScene.csproj", "{C0E7E797-4FBF-4F46-BC57-463F3719BA7A}"
EndProject
Project("{9A19103F-16F7-4668-BE54-9A1E7A4F7556}") = "ImGui.NET-472", "lib\ImGuiScene\deps\ImGui.NET\src\ImGui.NET-472\ImGui.NET-472.csproj", "{0483026E-C6CE-4B1A-AA68-46544C08140B}"
EndProject
Project("{9A19103F-16F7-4668-BE54-9A1E7A4F7556}") = "FFXIVClientStructs", "lib\FFXIVClientStructs\FFXIVClientStructs\FFXIVClientStructs.csproj", "{6722AF50-1164-4274-B4ED-48DF4286504F}"
EndProject
Project("{9A19103F-16F7-4668-BE54-9A1E7A4F7556}") = "FFXIVClientStructs.Common", "lib\FFXIVClientStructs\FFXIVClientStructs.Common\FFXIVClientStructs.Common.csproj", "{0F95A384-3868-461F-A46C-5A848BEA7814}"
EndProject
Project("{9A19103F-16F7-4668-BE54-9A1E7A4F7556}") = "FFXIVClientStructs.Generators", "lib\FFXIVClientStructs\FFXIVClientStructs.Generators\FFXIVClientStructs.Generators.csproj", "{A29165E7-22C2-4CCE-AA35-E4BE91E001FE}"
EndProject
Project("{9A19103F-16F7-4668-BE54-9A1E7A4F7556}") = "SDL2-CS", "lib\ImGuiScene\deps\SDL2-CS\SDL2-CS.csproj", "{DBF8A66C-7570-4A46-9A06-C5D3BC56DB52}"
EndProject
Global
	GlobalSection(SolutionConfigurationPlatforms) = preSolution
		Debug|Any CPU = Debug|Any CPU
		Debug|x64 = Debug|x64
		Debug|x86 = Debug|x86
		Release|Any CPU = Release|Any CPU
		Release|x64 = Release|x64
		Release|x86 = Release|x86
	EndGlobalSection
	GlobalSection(ProjectConfigurationPlatforms) = postSolution
		{B92DAB43-2279-4A2C-96E3-D9D5910EDBEA}.Debug|Any CPU.ActiveCfg = Debug|x64
		{B92DAB43-2279-4A2C-96E3-D9D5910EDBEA}.Debug|Any CPU.Build.0 = Debug|x64
		{B92DAB43-2279-4A2C-96E3-D9D5910EDBEA}.Debug|x64.ActiveCfg = Debug|x64
		{B92DAB43-2279-4A2C-96E3-D9D5910EDBEA}.Debug|x64.Build.0 = Debug|x64
		{B92DAB43-2279-4A2C-96E3-D9D5910EDBEA}.Debug|x86.ActiveCfg = Debug|Any CPU
		{B92DAB43-2279-4A2C-96E3-D9D5910EDBEA}.Debug|x86.Build.0 = Debug|Any CPU
		{B92DAB43-2279-4A2C-96E3-D9D5910EDBEA}.Release|Any CPU.ActiveCfg = Release|x64
		{B92DAB43-2279-4A2C-96E3-D9D5910EDBEA}.Release|Any CPU.Build.0 = Release|x64
		{B92DAB43-2279-4A2C-96E3-D9D5910EDBEA}.Release|x64.ActiveCfg = Release|x64
		{B92DAB43-2279-4A2C-96E3-D9D5910EDBEA}.Release|x64.Build.0 = Release|x64
		{B92DAB43-2279-4A2C-96E3-D9D5910EDBEA}.Release|x86.ActiveCfg = Release|Any CPU
		{B92DAB43-2279-4A2C-96E3-D9D5910EDBEA}.Release|x86.Build.0 = Release|Any CPU
		{55198DC3-A03D-408E-A8EB-2077780C8576}.Debug|Any CPU.ActiveCfg = Debug|x64
		{55198DC3-A03D-408E-A8EB-2077780C8576}.Debug|Any CPU.Build.0 = Debug|x64
		{55198DC3-A03D-408E-A8EB-2077780C8576}.Debug|x64.ActiveCfg = Debug|x64
		{55198DC3-A03D-408E-A8EB-2077780C8576}.Debug|x64.Build.0 = Debug|x64
		{55198DC3-A03D-408E-A8EB-2077780C8576}.Debug|x86.ActiveCfg = Debug|x64
		{55198DC3-A03D-408E-A8EB-2077780C8576}.Release|Any CPU.ActiveCfg = Release|x64
		{55198DC3-A03D-408E-A8EB-2077780C8576}.Release|Any CPU.Build.0 = Release|x64
		{55198DC3-A03D-408E-A8EB-2077780C8576}.Release|x64.ActiveCfg = Release|x64
		{55198DC3-A03D-408E-A8EB-2077780C8576}.Release|x64.Build.0 = Release|x64
		{55198DC3-A03D-408E-A8EB-2077780C8576}.Release|x86.ActiveCfg = Release|x64
		{5B832F73-5F54-4ADC-870F-D0095EF72C9A}.Debug|Any CPU.ActiveCfg = Debug|x64
		{5B832F73-5F54-4ADC-870F-D0095EF72C9A}.Debug|Any CPU.Build.0 = Debug|x64
		{5B832F73-5F54-4ADC-870F-D0095EF72C9A}.Debug|x64.ActiveCfg = Debug|x64
		{5B832F73-5F54-4ADC-870F-D0095EF72C9A}.Debug|x64.Build.0 = Debug|x64
		{5B832F73-5F54-4ADC-870F-D0095EF72C9A}.Debug|x86.ActiveCfg = Debug|Any CPU
		{5B832F73-5F54-4ADC-870F-D0095EF72C9A}.Debug|x86.Build.0 = Debug|Any CPU
		{5B832F73-5F54-4ADC-870F-D0095EF72C9A}.Release|Any CPU.ActiveCfg = Release|x64
		{5B832F73-5F54-4ADC-870F-D0095EF72C9A}.Release|Any CPU.Build.0 = Release|x64
		{5B832F73-5F54-4ADC-870F-D0095EF72C9A}.Release|x64.ActiveCfg = Release|x64
		{5B832F73-5F54-4ADC-870F-D0095EF72C9A}.Release|x64.Build.0 = Release|x64
		{5B832F73-5F54-4ADC-870F-D0095EF72C9A}.Release|x86.ActiveCfg = Release|Any CPU
		{5B832F73-5F54-4ADC-870F-D0095EF72C9A}.Release|x86.Build.0 = Release|Any CPU
		{8874326B-E755-4D13-90B4-59AB263A3E6B}.Debug|Any CPU.ActiveCfg = Debug|x64
		{8874326B-E755-4D13-90B4-59AB263A3E6B}.Debug|Any CPU.Build.0 = Debug|x64
		{8874326B-E755-4D13-90B4-59AB263A3E6B}.Debug|x64.ActiveCfg = Debug|x64
		{8874326B-E755-4D13-90B4-59AB263A3E6B}.Debug|x64.Build.0 = Debug|x64
		{8874326B-E755-4D13-90B4-59AB263A3E6B}.Debug|x86.ActiveCfg = Debug|x64
		{8874326B-E755-4D13-90B4-59AB263A3E6B}.Release|Any CPU.ActiveCfg = Release|x64
		{8874326B-E755-4D13-90B4-59AB263A3E6B}.Release|x64.ActiveCfg = Release|x64
		{8874326B-E755-4D13-90B4-59AB263A3E6B}.Release|x64.Build.0 = Release|x64
		{8874326B-E755-4D13-90B4-59AB263A3E6B}.Release|x86.ActiveCfg = Release|x64
		{C8004563-1806-4329-844F-0EF6274291FC}.Debug|Any CPU.ActiveCfg = Debug|x64
		{C8004563-1806-4329-844F-0EF6274291FC}.Debug|Any CPU.Build.0 = Debug|x64
		{C8004563-1806-4329-844F-0EF6274291FC}.Debug|x64.ActiveCfg = Debug|x64
		{C8004563-1806-4329-844F-0EF6274291FC}.Debug|x64.Build.0 = Debug|x64
		{C8004563-1806-4329-844F-0EF6274291FC}.Debug|x86.ActiveCfg = Debug|Any CPU
		{C8004563-1806-4329-844F-0EF6274291FC}.Debug|x86.Build.0 = Debug|Any CPU
		{C8004563-1806-4329-844F-0EF6274291FC}.Release|Any CPU.ActiveCfg = Release|x64
		{C8004563-1806-4329-844F-0EF6274291FC}.Release|Any CPU.Build.0 = Release|x64
		{C8004563-1806-4329-844F-0EF6274291FC}.Release|x64.ActiveCfg = Release|x64
		{C8004563-1806-4329-844F-0EF6274291FC}.Release|x64.Build.0 = Release|x64
		{C8004563-1806-4329-844F-0EF6274291FC}.Release|x86.ActiveCfg = Release|Any CPU
		{C8004563-1806-4329-844F-0EF6274291FC}.Release|x86.Build.0 = Release|Any CPU
		{4AFDB34A-7467-4D41-B067-53BC4101D9D0}.Debug|Any CPU.ActiveCfg = Debug|x64
		{4AFDB34A-7467-4D41-B067-53BC4101D9D0}.Debug|Any CPU.Build.0 = Debug|x64
		{4AFDB34A-7467-4D41-B067-53BC4101D9D0}.Debug|x64.ActiveCfg = Debug|Any CPU
		{4AFDB34A-7467-4D41-B067-53BC4101D9D0}.Debug|x64.Build.0 = Debug|Any CPU
		{4AFDB34A-7467-4D41-B067-53BC4101D9D0}.Debug|x86.ActiveCfg = Debug|Any CPU
		{4AFDB34A-7467-4D41-B067-53BC4101D9D0}.Debug|x86.Build.0 = Debug|Any CPU
		{4AFDB34A-7467-4D41-B067-53BC4101D9D0}.Release|Any CPU.ActiveCfg = Release|Any CPU
		{4AFDB34A-7467-4D41-B067-53BC4101D9D0}.Release|Any CPU.Build.0 = Release|Any CPU
		{4AFDB34A-7467-4D41-B067-53BC4101D9D0}.Release|x64.ActiveCfg = Release|Any CPU
		{4AFDB34A-7467-4D41-B067-53BC4101D9D0}.Release|x64.Build.0 = Release|Any CPU
		{4AFDB34A-7467-4D41-B067-53BC4101D9D0}.Release|x86.ActiveCfg = Release|Any CPU
		{4AFDB34A-7467-4D41-B067-53BC4101D9D0}.Release|x86.Build.0 = Release|Any CPU
		{C0E7E797-4FBF-4F46-BC57-463F3719BA7A}.Debug|Any CPU.ActiveCfg = Debug|x64
		{C0E7E797-4FBF-4F46-BC57-463F3719BA7A}.Debug|Any CPU.Build.0 = Debug|x64
		{C0E7E797-4FBF-4F46-BC57-463F3719BA7A}.Debug|x64.ActiveCfg = Debug|Any CPU
		{C0E7E797-4FBF-4F46-BC57-463F3719BA7A}.Debug|x64.Build.0 = Debug|Any CPU
		{C0E7E797-4FBF-4F46-BC57-463F3719BA7A}.Debug|x86.ActiveCfg = Debug|Any CPU
		{C0E7E797-4FBF-4F46-BC57-463F3719BA7A}.Debug|x86.Build.0 = Debug|Any CPU
		{C0E7E797-4FBF-4F46-BC57-463F3719BA7A}.Release|Any CPU.ActiveCfg = Release|Any CPU
		{C0E7E797-4FBF-4F46-BC57-463F3719BA7A}.Release|Any CPU.Build.0 = Release|Any CPU
		{C0E7E797-4FBF-4F46-BC57-463F3719BA7A}.Release|x64.ActiveCfg = Release|Any CPU
		{C0E7E797-4FBF-4F46-BC57-463F3719BA7A}.Release|x64.Build.0 = Release|Any CPU
		{C0E7E797-4FBF-4F46-BC57-463F3719BA7A}.Release|x86.ActiveCfg = Release|Any CPU
		{C0E7E797-4FBF-4F46-BC57-463F3719BA7A}.Release|x86.Build.0 = Release|Any CPU
		{0483026E-C6CE-4B1A-AA68-46544C08140B}.Debug|Any CPU.ActiveCfg = Debug|x64
		{0483026E-C6CE-4B1A-AA68-46544C08140B}.Debug|Any CPU.Build.0 = Debug|x64
		{0483026E-C6CE-4B1A-AA68-46544C08140B}.Debug|x64.ActiveCfg = Debug|Any CPU
		{0483026E-C6CE-4B1A-AA68-46544C08140B}.Debug|x64.Build.0 = Debug|Any CPU
		{0483026E-C6CE-4B1A-AA68-46544C08140B}.Debug|x86.ActiveCfg = Debug|Any CPU
		{0483026E-C6CE-4B1A-AA68-46544C08140B}.Debug|x86.Build.0 = Debug|Any CPU
		{0483026E-C6CE-4B1A-AA68-46544C08140B}.Release|Any CPU.ActiveCfg = Release|Any CPU
		{0483026E-C6CE-4B1A-AA68-46544C08140B}.Release|Any CPU.Build.0 = Release|Any CPU
		{0483026E-C6CE-4B1A-AA68-46544C08140B}.Release|x64.ActiveCfg = Release|Any CPU
		{0483026E-C6CE-4B1A-AA68-46544C08140B}.Release|x64.Build.0 = Release|Any CPU
		{0483026E-C6CE-4B1A-AA68-46544C08140B}.Release|x86.ActiveCfg = Release|Any CPU
		{0483026E-C6CE-4B1A-AA68-46544C08140B}.Release|x86.Build.0 = Release|Any CPU
		{6722AF50-1164-4274-B4ED-48DF4286504F}.Debug|Any CPU.ActiveCfg = Debug|Any CPU
		{6722AF50-1164-4274-B4ED-48DF4286504F}.Debug|Any CPU.Build.0 = Debug|Any CPU
		{6722AF50-1164-4274-B4ED-48DF4286504F}.Debug|x64.ActiveCfg = Debug|Any CPU
		{6722AF50-1164-4274-B4ED-48DF4286504F}.Debug|x64.Build.0 = Debug|Any CPU
		{6722AF50-1164-4274-B4ED-48DF4286504F}.Debug|x86.ActiveCfg = Debug|Any CPU
		{6722AF50-1164-4274-B4ED-48DF4286504F}.Debug|x86.Build.0 = Debug|Any CPU
		{6722AF50-1164-4274-B4ED-48DF4286504F}.Release|Any CPU.ActiveCfg = Release|Any CPU
		{6722AF50-1164-4274-B4ED-48DF4286504F}.Release|Any CPU.Build.0 = Release|Any CPU
		{6722AF50-1164-4274-B4ED-48DF4286504F}.Release|x64.ActiveCfg = Release|Any CPU
		{6722AF50-1164-4274-B4ED-48DF4286504F}.Release|x64.Build.0 = Release|Any CPU
		{6722AF50-1164-4274-B4ED-48DF4286504F}.Release|x86.ActiveCfg = Release|Any CPU
		{6722AF50-1164-4274-B4ED-48DF4286504F}.Release|x86.Build.0 = Release|Any CPU
		{0F95A384-3868-461F-A46C-5A848BEA7814}.Debug|Any CPU.ActiveCfg = Debug|Any CPU
		{0F95A384-3868-461F-A46C-5A848BEA7814}.Debug|Any CPU.Build.0 = Debug|Any CPU
		{0F95A384-3868-461F-A46C-5A848BEA7814}.Debug|x64.ActiveCfg = Debug|Any CPU
		{0F95A384-3868-461F-A46C-5A848BEA7814}.Debug|x64.Build.0 = Debug|Any CPU
		{0F95A384-3868-461F-A46C-5A848BEA7814}.Debug|x86.ActiveCfg = Debug|Any CPU
		{0F95A384-3868-461F-A46C-5A848BEA7814}.Debug|x86.Build.0 = Debug|Any CPU
		{0F95A384-3868-461F-A46C-5A848BEA7814}.Release|Any CPU.ActiveCfg = Release|Any CPU
		{0F95A384-3868-461F-A46C-5A848BEA7814}.Release|Any CPU.Build.0 = Release|Any CPU
		{0F95A384-3868-461F-A46C-5A848BEA7814}.Release|x64.ActiveCfg = Release|Any CPU
		{0F95A384-3868-461F-A46C-5A848BEA7814}.Release|x64.Build.0 = Release|Any CPU
		{0F95A384-3868-461F-A46C-5A848BEA7814}.Release|x86.ActiveCfg = Release|Any CPU
		{0F95A384-3868-461F-A46C-5A848BEA7814}.Release|x86.Build.0 = Release|Any CPU
		{A29165E7-22C2-4CCE-AA35-E4BE91E001FE}.Debug|Any CPU.ActiveCfg = Debug|Any CPU
		{A29165E7-22C2-4CCE-AA35-E4BE91E001FE}.Debug|Any CPU.Build.0 = Debug|Any CPU
		{A29165E7-22C2-4CCE-AA35-E4BE91E001FE}.Debug|x64.ActiveCfg = Debug|Any CPU
		{A29165E7-22C2-4CCE-AA35-E4BE91E001FE}.Debug|x64.Build.0 = Debug|Any CPU
		{A29165E7-22C2-4CCE-AA35-E4BE91E001FE}.Debug|x86.ActiveCfg = Debug|Any CPU
		{A29165E7-22C2-4CCE-AA35-E4BE91E001FE}.Debug|x86.Build.0 = Debug|Any CPU
		{A29165E7-22C2-4CCE-AA35-E4BE91E001FE}.Release|Any CPU.ActiveCfg = Release|Any CPU
		{A29165E7-22C2-4CCE-AA35-E4BE91E001FE}.Release|Any CPU.Build.0 = Release|Any CPU
		{A29165E7-22C2-4CCE-AA35-E4BE91E001FE}.Release|x64.ActiveCfg = Release|Any CPU
		{A29165E7-22C2-4CCE-AA35-E4BE91E001FE}.Release|x64.Build.0 = Release|Any CPU
		{A29165E7-22C2-4CCE-AA35-E4BE91E001FE}.Release|x86.ActiveCfg = Release|Any CPU
		{A29165E7-22C2-4CCE-AA35-E4BE91E001FE}.Release|x86.Build.0 = Release|Any CPU
		{DBF8A66C-7570-4A46-9A06-C5D3BC56DB52}.Debug|Any CPU.ActiveCfg = Debug|x64
		{DBF8A66C-7570-4A46-9A06-C5D3BC56DB52}.Debug|x64.ActiveCfg = Debug|x64
		{DBF8A66C-7570-4A46-9A06-C5D3BC56DB52}.Debug|x64.Build.0 = Debug|x64
		{DBF8A66C-7570-4A46-9A06-C5D3BC56DB52}.Debug|x86.ActiveCfg = Debug|x64
		{DBF8A66C-7570-4A46-9A06-C5D3BC56DB52}.Release|Any CPU.ActiveCfg = Release|x64
		{DBF8A66C-7570-4A46-9A06-C5D3BC56DB52}.Release|x64.ActiveCfg = Release|x64
		{DBF8A66C-7570-4A46-9A06-C5D3BC56DB52}.Release|x64.Build.0 = Release|x64
		{DBF8A66C-7570-4A46-9A06-C5D3BC56DB52}.Release|x86.ActiveCfg = Release|x64
	EndGlobalSection
	GlobalSection(SolutionProperties) = preSolution
		HideSolutionNode = FALSE
	EndGlobalSection
	GlobalSection(NestedProjects) = preSolution
		{C0E7E797-4FBF-4F46-BC57-463F3719BA7A} = {E15BDA6D-E881-4482-94BA-BE5527E917FF}
		{0483026E-C6CE-4B1A-AA68-46544C08140B} = {E15BDA6D-E881-4482-94BA-BE5527E917FF}
		{6722AF50-1164-4274-B4ED-48DF4286504F} = {E15BDA6D-E881-4482-94BA-BE5527E917FF}
		{0F95A384-3868-461F-A46C-5A848BEA7814} = {E15BDA6D-E881-4482-94BA-BE5527E917FF}
		{A29165E7-22C2-4CCE-AA35-E4BE91E001FE} = {E15BDA6D-E881-4482-94BA-BE5527E917FF}
		{DBF8A66C-7570-4A46-9A06-C5D3BC56DB52} = {E15BDA6D-E881-4482-94BA-BE5527E917FF}
	EndGlobalSection
	GlobalSection(ExtensibilityGlobals) = postSolution
		SolutionGuid = {79B65AC9-C940-410E-AB61-7EA7E12C7599}
	EndGlobalSection
EndGlobal
